// !$*UTF8*$!
{
	archiveVersion = 1;
	classes = {
	};
	objectVersion = 90;
	objects = {

/* Begin PBXBuildFile section */
		002000712F9B648B461791FB /* AgentTools.swift in Sources */ = {isa = PBXBuildFile; fileRef = 8E31C4FBEF5A687BD0E8757D /* AgentTools.swift */; };
		00D0E8CE93F22C2184C1C311 /* RootView.swift in Sources */ = {isa = PBXBuildFile; fileRef = 767DB6054B53887215A8925D /* RootView.swift */; };
		014C3D3BFA99045640EA6CF8 /* CanvasBoardTests.swift in Sources */ = {isa = PBXBuildFile; fileRef = 8B5AF27C0B0A01037267D8C6 /* CanvasBoardTests.swift */; };
		02A75930E7E89FB469CF109F /* JSONValue.swift in Sources */ = {isa = PBXBuildFile; fileRef = D87DBE8B0F52E051C297FA2B /* JSONValue.swift */; };
		0825B6C8DF176C162168B0CE /* GrizzyBotApp.swift in Sources */ = {isa = PBXBuildFile; fileRef = C9A422AE0345B5E77B84BA2E /* GrizzyBotApp.swift */; };
		0895BD5E1460BE67397E9FD3 /* StoreTests.swift in Sources */ = {isa = PBXBuildFile; fileRef = 2C8AF18B9C627741E5A510CC /* StoreTests.swift */; };
		098CA18EA82E6E824F19C601 /* DisabledBuiltinFallback.swift in Sources */ = {isa = PBXBuildFile; fileRef = 87B543F78A7662D3F4ADDCF1 /* DisabledBuiltinFallback.swift */; };
		0CA65551A62764537C76DE00 /* GovernanceModels.swift in Sources */ = {isa = PBXBuildFile; fileRef = BC9E403F9F39A06B18F1000B /* GovernanceModels.swift */; };
		0CAD997F01B7DBA5C5F1EF93 /* OpenMausFeatures.swift in Sources */ = {isa = PBXBuildFile; fileRef = A8FDF1CBE020860BCC818C84 /* OpenMausFeatures.swift */; };
		0F48845F0162CEF6CF41517A /* WindowChrome.swift in Sources */ = {isa = PBXBuildFile; fileRef = F7CA677539969350DA5AACF6 /* WindowChrome.swift */; };
		0FE8776E8D339A119A07AC89 /* AgentEvalTests.swift in Sources */ = {isa = PBXBuildFile; fileRef = 9C6F47239DF8119B30729893 /* AgentEvalTests.swift */; };
		10C6F1583A6F593B003B67CB /* HostComputerPromptView.swift in Sources */ = {isa = PBXBuildFile; fileRef = BED9B320C808B307D93EB780 /* HostComputerPromptView.swift */; };
		10FC9A63ABD1601ED9AF08DA /* CanvasViews.swift in Sources */ = {isa = PBXBuildFile; fileRef = D526B98BCA143BD0302A7966 /* CanvasViews.swift */; };
		115DD5F722D7A0FEAEA601CA /* McpCatalog.swift in Sources */ = {isa = PBXBuildFile; fileRef = D3DB698FC0B1F6B35CB5B99E /* McpCatalog.swift */; };
		1223298A9808421CF555899B /* AgentComponents.swift in Sources */ = {isa = PBXBuildFile; fileRef = A55EB82572ABD0042429DD5F /* AgentComponents.swift */; };
		19E4F803C82D8ECB96EEA58F /* CrashReporting.swift in Sources */ = {isa = PBXBuildFile; fileRef = 54109B48A948CCE11C2134C9 /* CrashReporting.swift */; };
		1B3E830AD3F520262482FFC9 /* BotHome.swift in Sources */ = {isa = PBXBuildFile; fileRef = 31F28F0711AD84A51BEAE918 /* BotHome.swift */; };
		1BDD175C76D18C304B93A79F /* McpClientTests.swift in Sources */ = {isa = PBXBuildFile; fileRef = CC7102D998178BBA84298757 /* McpClientTests.swift */; };
		1CC1C5654299D92D5D75FF87 /* SlashCommand.swift in Sources */ = {isa = PBXBuildFile; fileRef = 890A21825B2F26F2634D849F /* SlashCommand.swift */; };
		24D6710085EB943440D0877F /* Assets.xcassets in Resources */ = {isa = PBXBuildFile; fileRef = 866AEEBA7A19C592C6896E1A /* Assets.xcassets */; };
		28103C4B01854C8DB11DEC09 /* GrizzyBotRoutineAgent in Embed Dependencies */ = {isa = PBXBuildFile; fileRef = 9C750D138D23879DD11BF364 /* GrizzyBotRoutineAgent */; settings = {ATTRIBUTES = (RemoveHeadersOnCopy, ); }; };
		2ACD1183A80FB2BE5F6D54E3 /* AgentToolsTests.swift in Sources */ = {isa = PBXBuildFile; fileRef = 9A9628297E2F6AB290976547 /* AgentToolsTests.swift */; };
		2CDB2364DE5A537BDDC9D66E /* com.grizzybot.routine-agent.plist in CopyFiles */ = {isa = PBXBuildFile; fileRef = A3567D1FF4F0C0332952BA67 /* com.grizzybot.routine-agent.plist */; };
		2E70295D31A7021C554C7F0D /* ComputerRuntime.swift in Sources */ = {isa = PBXBuildFile; fileRef = 0C12DFABEB292FC633AB5790 /* ComputerRuntime.swift */; };
		31C604F87009674137794FC5 /* CronTests.swift in Sources */ = {isa = PBXBuildFile; fileRef = FB44D631A1BFEC6A49332CEF /* CronTests.swift */; };
		3250E8994EF5CF78CB51784C /* ComputerCoordinates.swift in Sources */ = {isa = PBXBuildFile; fileRef = B2DE149539922913EDE48D05 /* ComputerCoordinates.swift */; };
		343D7169A7E6A02057BCF921 /* settings-overlay.sha256 in Resources */ = {isa = PBXBuildFile; fileRef = 9F5EBA381BCD2776C48599E6 /* settings-overlay.sha256 */; };
		39DC507D72B1ACAB2C75D899 /* GrizzyThemePalette.swift in Sources */ = {isa = PBXBuildFile; fileRef = 95CA7AD23A206B7E0DB1696D /* GrizzyThemePalette.swift */; };
		39DE855B15FE2326EA553556 /* RoutineTickPlanner.swift in Sources */ = {isa = PBXBuildFile; fileRef = A9FB21B70D5696E2911299D0 /* RoutineTickPlanner.swift */; };
		3A4C97A8FE97C9AE45CDFD7F /* PasswordHasher.swift in Sources */ = {isa = PBXBuildFile; fileRef = B43FF6C7110A4DC3E3A97E0D /* PasswordHasher.swift */; };
		3B91AC90C681D794785E8CDD /* DeviceCodeAuth.swift in Sources */ = {isa = PBXBuildFile; fileRef = 18AF36B17110508186941B07 /* DeviceCodeAuth.swift */; };
		3D0B35968BEC5EB94C0BC298 /* AguiClient.swift in Sources */ = {isa = PBXBuildFile; fileRef = 1F89AB1C5DBB68A861D07FE7 /* AguiClient.swift */; };
		3F73207FF92A92719E9654C5 /* plugins-overlay.sha256 in Resources */ = {isa = PBXBuildFile; fileRef = 6C24E4303A9892F0A086DAB6 /* plugins-overlay.sha256 */; };
		40471D76E6030BFEC49DB1AC /* RightPanelView.swift in Sources */ = {isa = PBXBuildFile; fileRef = 92038B47C33FBFAFC7237354 /* RightPanelView.swift */; };
		40E300E19AADDFA37403A433 /* AuthView.swift in Sources */ = {isa = PBXBuildFile; fileRef = 0BA7B2A255FBC58BB87CF143 /* AuthView.swift */; };
		410D6CCD6F6BB2B03866B78D /* ComposioTests.swift in Sources */ = {isa = PBXBuildFile; fileRef = 25D0DA2A29296B6CA8B4DAFC /* ComposioTests.swift */; };
		4758718DB3D49170FFB57ACD /* ThemesSettingsView.swift in Sources */ = {isa = PBXBuildFile; fileRef = A633400FC7710BE15D50D4A3 /* ThemesSettingsView.swift */; };
		48244E081B4FCD51C4EE0BA9 /* WebSearch.swift in Sources */ = {isa = PBXBuildFile; fileRef = 55D551FCA6542392FDA475B4 /* WebSearch.swift */; };
		497108EB35AA26CB04983ABD /* SpeechSupport.swift in Sources */ = {isa = PBXBuildFile; fileRef = 107F8E16F2EC4C7CAAB5AB1D /* SpeechSupport.swift */; };
		4B264AE3C1A517966943944F /* AccountCredentialStore.swift in Sources */ = {isa = PBXBuildFile; fileRef = 246394FECC5E4669CBFAFF26 /* AccountCredentialStore.swift */; };
		4D009FC02989961AAB9F0B82 /* MacAccessibility.swift in Sources */ = {isa = PBXBuildFile; fileRef = B4FDE0298BE79175C564B678 /* MacAccessibility.swift */; };
		4EB54A526111A5A0F522FD81 /* Store.swift in Sources */ = {isa = PBXBuildFile; fileRef = 916FFD0C6C6F1C1DB4E2F235 /* Store.swift */; };
		51591A7BEF499927879EB28E /* RoutineScheduleView.swift in Sources */ = {isa = PBXBuildFile; fileRef = A2AD36303A2DBCC7BC06A480 /* RoutineScheduleView.swift */; };
		54A30211DE3B9E02D99E087A /* MemoryLedger.swift in Sources */ = {isa = PBXBuildFile; fileRef = 0DB2D2419378187A5D98A63A /* MemoryLedger.swift */; };
		56938FEDFB66FBC50BF9F220 /* SecurityTests.swift in Sources */ = {isa = PBXBuildFile; fileRef = B9C2B9FF90E5DC782DCFC67E /* SecurityTests.swift */; };
		58B4468D26F79713AAE805BF /* skills-overlay.png in Resources */ = {isa = PBXBuildFile; fileRef = 2D9E37BD1C3F05CB19641F47 /* skills-overlay.png */; };
		58F02A3C49650816A364DE8B /* MainWindowController.swift in Sources */ = {isa = PBXBuildFile; fileRef = 0B956207C2F835CABA246352 /* MainWindowController.swift */; };
		5BFC52F247353EAFEF8E18FD /* DestinationStore.swift in Sources */ = {isa = PBXBuildFile; fileRef = 06D4C278B4E67B463CF61827 /* DestinationStore.swift */; };
		5C6BD280104FE75CFECFEB30 /* SkillsTests.swift in Sources */ = {isa = PBXBuildFile; fileRef = 26AE1BDDBA0904EDDDF50C8F /* SkillsTests.swift */; };
		62C4471C11DEFE6AB97827A3 /* PluginsOverlayView.swift in Sources */ = {isa = PBXBuildFile; fileRef = 8A99E87B9C17655D22331DDC /* PluginsOverlayView.swift */; };
		67786054E57D901D86FA257D /* Persistence.swift in Sources */ = {isa = PBXBuildFile; fileRef = DDF394BDED582E532893E9AD /* Persistence.swift */; };
		6F49041F1F18EB74984F2A9D /* ChatView.swift in Sources */ = {isa = PBXBuildFile; fileRef = BC342E09BDBE58984F59E04D /* ChatView.swift */; };
		6FEF6EEED4274EB0912DC251 /* MarkdownText.swift in Sources */ = {isa = PBXBuildFile; fileRef = A879DE77CAB82A98FA411202 /* MarkdownText.swift */; };
		70FF22664EC40E3465B29EE1 /* ActionPolicy.swift in Sources */ = {isa = PBXBuildFile; fileRef = 761F162C6796FC6D6365E1D2 /* ActionPolicy.swift */; };
		71A10283014E6CA714B92E7E /* Cron.swift in Sources */ = {isa = PBXBuildFile; fileRef = 33CF45217EF15990999EBA75 /* Cron.swift */; };
		740C1B71C1BE12ACA3E111A2 /* ThemePresetsTests.swift in Sources */ = {isa = PBXBuildFile; fileRef = 799F8F3268F4DA07E922B34D /* ThemePresetsTests.swift */; };
		74EF7052A5D73F0080832887 /* AgentEvalCISuite.swift in Sources */ = {isa = PBXBuildFile; fileRef = 537A504870B6B55703340CCC /* AgentEvalCISuite.swift */; };
		7653A0FB5E882BC9CB7E2F79 /* OverlaySnapshotTests.swift in Sources */ = {isa = PBXBuildFile; fileRef = 8E2CC9EE8BD0597819A0089C /* OverlaySnapshotTests.swift */; };
		768B749CB7E87E2C3F2C087D /* libGrizzyBotCore.a in Frameworks */ = {isa = PBXBuildFile; fileRef = C3108710D4DD93C34D507A39 /* libGrizzyBotCore.a */; };
		7A0B1C08071FF7138CCFB226 /* OverlayUITests.swift in Sources */ = {isa = PBXBuildFile; fileRef = 39799E47CE1EEBF60A81AFDA /* OverlayUITests.swift */; };
		7A448D87E59B4A48F4BD4DD8 /* skills-overlay.sha256 in Resources */ = {isa = PBXBuildFile; fileRef = B03D0937258B215ADF13C866 /* skills-overlay.sha256 */; };
		7AEA2DA649A4294BD4E6FE19 /* AccountMigration.swift in Sources */ = {isa = PBXBuildFile; fileRef = B69D5BEBF0571E0FC270DF94 /* AccountMigration.swift */; };
		7B06747F29BFD784602A65CD /* BotHomeWebSearchTests.swift in Sources */ = {isa = PBXBuildFile; fileRef = 034ABF68635D68B313AA7DEA /* BotHomeWebSearchTests.swift */; };
		7CF60431448BE1F4392DC278 /* AppSettingsOverlayView.swift in Sources */ = {isa = PBXBuildFile; fileRef = 46DAE4FA2D21D33E50DC75AC /* AppSettingsOverlayView.swift */; };
		7EED246F2CB22EF04A3149C0 /* BotTemplates.swift in Sources */ = {isa = PBXBuildFile; fileRef = AB794C6AE198441526123B6F /* BotTemplates.swift */; };
		806541D7903FEFC7C6A0BF0C /* DiagnosticScrubber.swift in Sources */ = {isa = PBXBuildFile; fileRef = C2D5559FC77159F1177010B8 /* DiagnosticScrubber.swift */; };
		83679BCB66DF620E2156104F /* Sentry in Frameworks */ = {isa = PBXBuildFile; productRef = A8C39A00FDBD11E12B8B3518 /* Sentry */; };
		83E2E7CFE433835A866E0943 /* OnboardingView.swift in Sources */ = {isa = PBXBuildFile; fileRef = 6E36873F55BBBA4961D4F4A4 /* OnboardingView.swift */; };
		846AF1F6C515AECFB760417D /* ModelConnectView.swift in Sources */ = {isa = PBXBuildFile; fileRef = 3F1B5A4A25272D8DE8BEFC36 /* ModelConnectView.swift */; };
		8793B6760E4EE579E96E330E /* SentryScrubber.swift in Sources */ = {isa = PBXBuildFile; fileRef = 4EF076311B1E85DE972687A2 /* SentryScrubber.swift */; };
		895F38093E4BB53FC1A991A0 /* SlashCommandTests.swift in Sources */ = {isa = PBXBuildFile; fileRef = 857ECAEC8EC2637B412B065C /* SlashCommandTests.swift */; };
		8ABB3A13219B3D5D73205E6D /* McpClient.swift in Sources */ = {isa = PBXBuildFile; fileRef = 1EAA172FAC1AB99A08E6AC55 /* McpClient.swift */; };
		8C6BB9D1322D8E9C76424977 /* AccountLayout.swift in Sources */ = {isa = PBXBuildFile; fileRef = 5376343DCD2146F6E92EE20A /* AccountLayout.swift */; };
		90FE300FCFE71BB659CBFBBF /* ProductSurface.swift in Sources */ = {isa = PBXBuildFile; fileRef = 9073EF84B672BC0253421319 /* ProductSurface.swift */; };
		972DF04DE576CF2FEBC3C6C0 /* McpGatewayCall.swift in Sources */ = {isa = PBXBuildFile; fileRef = FAAAF7AB908DE6EBB68D5394 /* McpGatewayCall.swift */; };
		97CC4700DE1377D590B135D2 /* Theme.swift in Sources */ = {isa = PBXBuildFile; fileRef = 21F3B6B0B59AA23B0584273B /* Theme.swift */; };
		9A19E946E1CB263F0D45155F /* GovernanceSettingsView.swift in Sources */ = {isa = PBXBuildFile; fileRef = A5EFDEC3C012580D78F069B7 /* GovernanceSettingsView.swift */; };
		9E2708F345079F8E2E71CDB9 /* LocalProviders.swift in Sources */ = {isa = PBXBuildFile; fileRef = 3A13665DC7A54059575E9646 /* LocalProviders.swift */; };
		A084036EA9D1A3FE50831272 /* ProductSurfaceTests.swift in Sources */ = {isa = PBXBuildFile; fileRef = 046251ABA24371B25741F1D9 /* ProductSurfaceTests.swift */; };
		A1752ECC2E09E44F7174B4D6 /* McpCatalogPromote.swift in Sources */ = {isa = PBXBuildFile; fileRef = 4C056F8276A70A11729EAE82 /* McpCatalogPromote.swift */; };
		A2B8003C6ABFAB67CAAA268F /* model-overlay.sha256 in Resources */ = {isa = PBXBuildFile; fileRef = A284BE11C275820917CBA77A /* model-overlay.sha256 */; };
		A3DA8AD84F7220ABFE72688A /* SkillsOverlayView.swift in Sources */ = {isa = PBXBuildFile; fileRef = 02646B4AC3D01508A64AAE45 /* SkillsOverlayView.swift */; };
		A51A51D14A4434325F57852D /* GovernanceTests.swift in Sources */ = {isa = PBXBuildFile; fileRef = AF7CD07E9660DBF1FBA63229 /* GovernanceTests.swift */; };
		A86F4CC025889FC2B4F69BFD /* ModelProviderProfileTests.swift in Sources */ = {isa = PBXBuildFile; fileRef = F00BA61D03E0F2FE86BFED60 /* ModelProviderProfileTests.swift */; };
		A87D9D20E3EA567B5A64D60F /* LLMClient.swift in Sources */ = {isa = PBXBuildFile; fileRef = E0BAC0485B69EE9D834F1421 /* LLMClient.swift */; };
		AA5CEB9FC08A225B9D232A1A /* SecretStore.swift in Sources */ = {isa = PBXBuildFile; fileRef = F73A3E686D63B7A8C6906E5D /* SecretStore.swift */; };
		ACFB75753807F8BCD030741F /* ActionGateway.swift in Sources */ = {isa = PBXBuildFile; fileRef = 5B27B21B439108FDB9040797 /* ActionGateway.swift */; };
		AD768C48CA30733DC6389485 /* RoutinesPageView.swift in Sources */ = {isa = PBXBuildFile; fileRef = AE9778D00F176E80CBCAF9FD /* RoutinesPageView.swift */; };
		AF19F9433EC3CD71F4574EC0 /* StreamWatchdog.swift in Sources */ = {isa = PBXBuildFile; fileRef = 98DE05508FC218AF0324D4AD /* StreamWatchdog.swift */; };
		B29C01FFDC203C0D80A7B01D /* ThemePresets.swift in Sources */ = {isa = PBXBuildFile; fileRef = 6DA34D298D8D56CBF85779D2 /* ThemePresets.swift */; };
		B3084169C569910C1658D873 /* ScriptedRuntime.swift in Sources */ = {isa = PBXBuildFile; fileRef = EFEF0D6BFF53DA0CBF74F153 /* ScriptedRuntime.swift */; };
		B5F54CF7C94AF3A43DA1DCF2 /* MemoryIndex.swift in Sources */ = {isa = PBXBuildFile; fileRef = 5FC2BCBCCEAF080C3034CD88 /* MemoryIndex.swift */; };
		B64BB9DAF2F3CC51CA893DEC /* ModelCatalog.swift in Sources */ = {isa = PBXBuildFile; fileRef = EA45AF3D349EA5C61D89CA03 /* ModelCatalog.swift */; };
		B6FE3347DCA50DBAE42A58DF /* ShellView.swift in Sources */ = {isa = PBXBuildFile; fileRef = 9FF70036E1B1DB5F93ADFD0E /* ShellView.swift */; };
		B8D670CD267FCA1B92942DA4 /* McpCatalogPromoteTests.swift in Sources */ = {isa = PBXBuildFile; fileRef = 38404F696EB8978F298A22AA /* McpCatalogPromoteTests.swift */; };
		B905B593CC401A6BFAB40C53 /* settings-overlay.png in Resources */ = {isa = PBXBuildFile; fileRef = A5A635AA91A430468B8F8E19 /* settings-overlay.png */; };
		BAA83BD3B6F882B9D61D60EA /* MessageViews.swift in Sources */ = {isa = PBXBuildFile; fileRef = F3759CA0FED3BDA9EF99C2D0 /* MessageViews.swift */; };
		BD000FA49A8E793BD2FEE385 /* AuditLog.swift in Sources */ = {isa = PBXBuildFile; fileRef = 5A0DC3ACF3FF857D14BC98A3 /* AuditLog.swift */; };
		BF59AC18191EBCC9DD739712 /* MenuBarView.swift in Sources */ = {isa = PBXBuildFile; fileRef = E3AD1552B3178B76EEDCDDA8 /* MenuBarView.swift */; };
		C10A20A11AF13AA9F9E720EB /* PolicyCEL.swift in Sources */ = {isa = PBXBuildFile; fileRef = CF745952D1E372EE721E0CD5 /* PolicyCEL.swift */; };
		C2155112EEF20821AFBA5AF5 /* libGrizzyBotCore.a in Frameworks */ = {isa = PBXBuildFile; fileRef = C3108710D4DD93C34D507A39 /* libGrizzyBotCore.a */; };
		C2D608D80F57EA61252D1407 /* ModelProviderProfiles.swift in Sources */ = {isa = PBXBuildFile; fileRef = F90EA06CDFEC030B799F2E34 /* ModelProviderProfiles.swift */; };
		C9CC3636E4ABB5D3ED534B3F /* AgentLoopTests.swift in Sources */ = {isa = PBXBuildFile; fileRef = 952F78D26F1214CD06838DD4 /* AgentLoopTests.swift */; };
		CCFE3A5F1F471C899C72C0C0 /* Controls.swift in Sources */ = {isa = PBXBuildFile; fileRef = 977A76A0FDF8165D787040E5 /* Controls.swift */; };
		CF093FECE761E921602DD6EA /* AgentLoop.swift in Sources */ = {isa = PBXBuildFile; fileRef = 895CB54DF308C252E7F0408F /* AgentLoop.swift */; };
		CF3028E5FD59D3C6C55959DC /* PluginClient.swift in Sources */ = {isa = PBXBuildFile; fileRef = 92A71407064CF2D0B90D2773 /* PluginClient.swift */; };
		D0F6D007526E6E538FF5439F /* ComputerDesktopView.swift in Sources */ = {isa = PBXBuildFile; fileRef = E3DAE95AF568C793F1B0F4A1 /* ComputerDesktopView.swift */; };
		D109624BFF8F2F13037AA2E0 /* libGrizzyBotCore.a in Frameworks */ = {isa = PBXBuildFile; fileRef = C3108710D4DD93C34D507A39 /* libGrizzyBotCore.a */; };
		D1F6638E7866D8C5F78D1D6F /* Skills.swift in Sources */ = {isa = PBXBuildFile; fileRef = DD69F88EDAEFE3272168C64F /* Skills.swift */; };
		D7F6B772596BF6184BEAAFC7 /* SidebarView.swift in Sources */ = {isa = PBXBuildFile; fileRef = F91A2645D5698998169C03B8 /* SidebarView.swift */; };
		D85410EF61B07EBBC6C81D60 /* ComputerRoutineQualityTests.swift in Sources */ = {isa = PBXBuildFile; fileRef = BDCA990BE7B07A9AEE9BEB59 /* ComputerRoutineQualityTests.swift */; };
		E00627B414708FA9623A3199 /* LoginItem.swift in Sources */ = {isa = PBXBuildFile; fileRef = 31AAC2F56EC52FC99A5DC171 /* LoginItem.swift */; };
		E06758F1CD11E18D1E5496C2 /* LocalProvidersTests.swift in Sources */ = {isa = PBXBuildFile; fileRef = 90E608627E9ED8C81E3D90D8 /* LocalProvidersTests.swift */; };
		E3F81CC77AD08D04BDDD7148 /* plugins-overlay.png in Resources */ = {isa = PBXBuildFile; fileRef = E8B5913CB3FC2BF2CC9408E5 /* plugins-overlay.png */; };
		E6BC9B9A51A19A1E76DC8DBC /* model-overlay.png in Resources */ = {isa = PBXBuildFile; fileRef = 581EE7F90D527E74D749DB18 /* model-overlay.png */; };
		E716CEA12AE576FE9B7B3BF4 /* CanvasBoard.swift in Sources */ = {isa = PBXBuildFile; fileRef = 74469DB8A73C4588AD8F90B6 /* CanvasBoard.swift */; };
		EC67741901A159D8D707CB5E /* BotAvatarView.swift in Sources */ = {isa = PBXBuildFile; fileRef = 08FA8FC9AEC1C43764D5736E /* BotAvatarView.swift */; };
		ED3F9E07FBEBDC5546E94798 /* main.swift in Sources */ = {isa = PBXBuildFile; fileRef = 6858080F8B3B961CCD1E9226 /* main.swift */; };
		EF1A36BA780C888B7513C2E9 /* KnowledgePlane.swift in Sources */ = {isa = PBXBuildFile; fileRef = 0D5E4F9D55C5ADB319D3097E /* KnowledgePlane.swift */; };
		EF7C483E6C5D471929194F14 /* Models.swift in Sources */ = {isa = PBXBuildFile; fileRef = 4E68757C80AA3F6C31769048 /* Models.swift */; };
		F1803C0235BB9E89B8F3F096 /* UITestLaunch.swift in Sources */ = {isa = PBXBuildFile; fileRef = 46EF092B52E8901BD0301058 /* UITestLaunch.swift */; };
		F1A2EFAB755820546B44E82B /* ThemeManager.swift in Sources */ = {isa = PBXBuildFile; fileRef = 7D4339F43A20C198087B61D8 /* ThemeManager.swift */; };
		F388D25AA678456E088CDABD /* WelcomeView.swift in Sources */ = {isa = PBXBuildFile; fileRef = 98FB56E6A8F0E04C374360D2 /* WelcomeView.swift */; };
		F4F4AD149A04743B443534DF /* ComposioClient.swift in Sources */ = {isa = PBXBuildFile; fileRef = 2607B85B157D19695C87F956 /* ComposioClient.swift */; };
		F5BC86FC50D5FD1EA4188973 /* ScriptedRuntimeTests.swift in Sources */ = {isa = PBXBuildFile; fileRef = 080535B053570E1DAF2CA630 /* ScriptedRuntimeTests.swift */; };
/* End PBXBuildFile section */

/* Begin PBXContainerItemProxy section */
		2DEB6E894CFC38E25AF70CF8 /* PBXContainerItemProxy */ = {
			isa = PBXContainerItemProxy;
			containerPortal = 4AB0D8B019E7C200A2E73B88 /* Project object */;
			proxyType = 1;
			remoteGlobalIDString = 21CD727AF02EEE29AF57908C;
			remoteInfo = GrizzyBotCore;
		};
		4C2C412FB0F50BCBFB25E409 /* PBXContainerItemProxy */ = {
			isa = PBXContainerItemProxy;
			containerPortal = 4AB0D8B019E7C200A2E73B88 /* Project object */;
			proxyType = 1;
			remoteGlobalIDString = 4DED67AB21062EA52562E147;
			remoteInfo = GrizzyBot;
		};
		55A3A570432C7CB3CDB42BA3 /* PBXContainerItemProxy */ = {
			isa = PBXContainerItemProxy;
			containerPortal = 4AB0D8B019E7C200A2E73B88 /* Project object */;
			proxyType = 1;
			remoteGlobalIDString = 21CD727AF02EEE29AF57908C;
			remoteInfo = GrizzyBotCore;
		};
		715EA2DFCEA37ADA9272A6CD /* PBXContainerItemProxy */ = {
			isa = PBXContainerItemProxy;
			containerPortal = 4AB0D8B019E7C200A2E73B88 /* Project object */;
			proxyType = 1;
			remoteGlobalIDString = 4DED67AB21062EA52562E147;
			remoteInfo = GrizzyBot;
		};
		7CC722DE997D88119142185F /* PBXContainerItemProxy */ = {
			isa = PBXContainerItemProxy;
			containerPortal = 4AB0D8B019E7C200A2E73B88 /* Project object */;
			proxyType = 1;
			remoteGlobalIDString = 21CD727AF02EEE29AF57908C;
			remoteInfo = GrizzyBotCore;
		};
		B82A27D81311E4A2A4FF0147 /* PBXContainerItemProxy */ = {
			isa = PBXContainerItemProxy;
			containerPortal = 4AB0D8B019E7C200A2E73B88 /* Project object */;
			proxyType = 1;
			remoteGlobalIDString = BF618300DCC9F1F73B62F7DD;
			remoteInfo = GrizzyBotRoutineAgent;
		};
/* End PBXContainerItemProxy section */

/* Begin PBXCopyFilesBuildPhase section */
		637FC67E0309E35FDF3EC280 /* CopyFiles */ = {
			isa = PBXCopyFilesBuildPhase;
			buildActionMask = 2147483647;
			dstPath = Contents/Library/LaunchAgents;
			dstSubfolderSpec = 1;
			files = (
				2CDB2364DE5A537BDDC9D66E /* com.grizzybot.routine-agent.plist in CopyFiles */,
			);
			runOnlyForDeploymentPostprocessing = 0;
		};
		DE5A14F9711A7F11C655799F /* Embed Dependencies */ = {
			isa = PBXCopyFilesBuildPhase;
			buildActionMask = 2147483647;
			dstPath = "";
			dstSubfolderSpec = 6;
			files = (
				28103C4B01854C8DB11DEC09 /* GrizzyBotRoutineAgent in Embed Dependencies */,
			);
			name = "Embed Dependencies";
			runOnlyForDeploymentPostprocessing = 0;
		};
/* End PBXCopyFilesBuildPhase section */

/* Begin PBXFileReference section */
		02646B4AC3D01508A64AAE45 /* SkillsOverlayView.swift */ = {isa = PBXFileReference; lastKnownFileType = sourcecode.swift; path = SkillsOverlayView.swift; sourceTree = "<group>"; };
		034ABF68635D68B313AA7DEA /* BotHomeWebSearchTests.swift */ = {isa = PBXFileReference; lastKnownFileType = sourcecode.swift; path = BotHomeWebSearchTests.swift; sourceTree = "<group>"; };
		046251ABA24371B25741F1D9 /* ProductSurfaceTests.swift */ = {isa = PBXFileReference; lastKnownFileType = sourcecode.swift; path = ProductSurfaceTests.swift; sourceTree = "<group>"; };
		06D4C278B4E67B463CF61827 /* DestinationStore.swift */ = {isa = PBXFileReference; lastKnownFileType = sourcecode.swift; path = DestinationStore.swift; sourceTree = "<group>"; };
		080535B053570E1DAF2CA630 /* ScriptedRuntimeTests.swift */ = {isa = PBXFileReference; lastKnownFileType = sourcecode.swift; path = ScriptedRuntimeTests.swift; sourceTree = "<group>"; };
		08FA8FC9AEC1C43764D5736E /* BotAvatarView.swift */ = {isa = PBXFileReference; lastKnownFileType = sourcecode.swift; path = BotAvatarView.swift; sourceTree = "<group>"; };
		0B956207C2F835CABA246352 /* MainWindowController.swift */ = {isa = PBXFileReference; lastKnownFileType = sourcecode.swift; path = MainWindowController.swift; sourceTree = "<group>"; };
		0BA7B2A255FBC58BB87CF143 /* AuthView.swift */ = {isa = PBXFileReference; lastKnownFileType = sourcecode.swift; path = AuthView.swift; sourceTree = "<group>"; };
		0C12DFABEB292FC633AB5790 /* ComputerRuntime.swift */ = {isa = PBXFileReference; lastKnownFileType = sourcecode.swift; path = ComputerRuntime.swift; sourceTree = "<group>"; };
		0D5E4F9D55C5ADB319D3097E /* KnowledgePlane.swift */ = {isa = PBXFileReference; lastKnownFileType = sourcecode.swift; path = KnowledgePlane.swift; sourceTree = "<group>"; };
		0DB2D2419378187A5D98A63A /* MemoryLedger.swift */ = {isa = PBXFileReference; lastKnownFileType = sourcecode.swift; path = MemoryLedger.swift; sourceTree = "<group>"; };
		107F8E16F2EC4C7CAAB5AB1D /* SpeechSupport.swift */ = {isa = PBXFileReference; lastKnownFileType = sourcecode.swift; path = SpeechSupport.swift; sourceTree = "<group>"; };
		18AF36B17110508186941B07 /* DeviceCodeAuth.swift */ = {isa = PBXFileReference; lastKnownFileType = sourcecode.swift; path = DeviceCodeAuth.swift; sourceTree = "<group>"; };
		1EAA172FAC1AB99A08E6AC55 /* McpClient.swift */ = {isa = PBXFileReference; lastKnownFileType = sourcecode.swift; path = McpClient.swift; sourceTree = "<group>"; };
		1F4223D6DD17A3FD2298EB17 /* GrizzyBotAppTests.xctest */ = {isa = PBXFileReference; explicitFileType = wrapper.cfbundle; includeInIndex = 0; path = GrizzyBotAppTests.xctest; sourceTree = BUILT_PRODUCTS_DIR; };
		1F89AB1C5DBB68A861D07FE7 /* AguiClient.swift */ = {isa = PBXFileReference; lastKnownFileType = sourcecode.swift; path = AguiClient.swift; sourceTree = "<group>"; };
		21F3B6B0B59AA23B0584273B /* Theme.swift */ = {isa = PBXFileReference; lastKnownFileType = sourcecode.swift; path = Theme.swift; sourceTree = "<group>"; };
		246394FECC5E4669CBFAFF26 /* AccountCredentialStore.swift */ = {isa = PBXFileReference; lastKnownFileType = sourcecode.swift; path = AccountCredentialStore.swift; sourceTree = "<group>"; };
		25D0DA2A29296B6CA8B4DAFC /* ComposioTests.swift */ = {isa = PBXFileReference; lastKnownFileType = sourcecode.swift; path = ComposioTests.swift; sourceTree = "<group>"; };
		2607B85B157D19695C87F956 /* ComposioClient.swift */ = {isa = PBXFileReference; lastKnownFileType = sourcecode.swift; path = ComposioClient.swift; sourceTree = "<group>"; };
		26AE1BDDBA0904EDDDF50C8F /* SkillsTests.swift */ = {isa = PBXFileReference; lastKnownFileType = sourcecode.swift; path = SkillsTests.swift; sourceTree = "<group>"; };
		2C8AF18B9C627741E5A510CC /* StoreTests.swift */ = {isa = PBXFileReference; lastKnownFileType = sourcecode.swift; path = StoreTests.swift; sourceTree = "<group>"; };
		2D9E37BD1C3F05CB19641F47 /* skills-overlay.png */ = {isa = PBXFileReference; lastKnownFileType = image.png; path = "skills-overlay.png"; sourceTree = "<group>"; };
		31AAC2F56EC52FC99A5DC171 /* LoginItem.swift */ = {isa = PBXFileReference; lastKnownFileType = sourcecode.swift; path = LoginItem.swift; sourceTree = "<group>"; };
		31F28F0711AD84A51BEAE918 /* BotHome.swift */ = {isa = PBXFileReference; lastKnownFileType = sourcecode.swift; path = BotHome.swift; sourceTree = "<group>"; };
		33CF45217EF15990999EBA75 /* Cron.swift */ = {isa = PBXFileReference; lastKnownFileType = sourcecode.swift; path = Cron.swift; sourceTree = "<group>"; };
		38404F696EB8978F298A22AA /* McpCatalogPromoteTests.swift */ = {isa = PBXFileReference; lastKnownFileType = sourcecode.swift; path = McpCatalogPromoteTests.swift; sourceTree = "<group>"; };
		39799E47CE1EEBF60A81AFDA /* OverlayUITests.swift */ = {isa = PBXFileReference; lastKnownFileType = sourcecode.swift; path = OverlayUITests.swift; sourceTree = "<group>"; };
		399CF9C4F90564BD9E964847 /* GrizzyBot.Release.entitlements */ = {isa = PBXFileReference; lastKnownFileType = text.plist.entitlements; path = GrizzyBot.Release.entitlements; sourceTree = "<group>"; };
		3A13665DC7A54059575E9646 /* LocalProviders.swift */ = {isa = PBXFileReference; lastKnownFileType = sourcecode.swift; path = LocalProviders.swift; sourceTree = "<group>"; };
		3C22124F7FE82A7C71958B52 /* GrizzyBotCoreTests.xctest */ = {isa = PBXFileReference; explicitFileType = wrapper.cfbundle; includeInIndex = 0; path = GrizzyBotCoreTests.xctest; sourceTree = BUILT_PRODUCTS_DIR; };
		3F1B5A4A25272D8DE8BEFC36 /* ModelConnectView.swift */ = {isa = PBXFileReference; lastKnownFileType = sourcecode.swift; path = ModelConnectView.swift; sourceTree = "<group>"; };
		46DAE4FA2D21D33E50DC75AC /* AppSettingsOverlayView.swift */ = {isa = PBXFileReference; lastKnownFileType = sourcecode.swift; path = AppSettingsOverlayView.swift; sourceTree = "<group>"; };
		46EF092B52E8901BD0301058 /* UITestLaunch.swift */ = {isa = PBXFileReference; lastKnownFileType = sourcecode.swift; path = UITestLaunch.swift; sourceTree = "<group>"; };
		4C056F8276A70A11729EAE82 /* McpCatalogPromote.swift */ = {isa = PBXFileReference; lastKnownFileType = sourcecode.swift; path = McpCatalogPromote.swift; sourceTree = "<group>"; };
		4E68757C80AA3F6C31769048 /* Models.swift */ = {isa = PBXFileReference; lastKnownFileType = sourcecode.swift; path = Models.swift; sourceTree = "<group>"; };
		4EF076311B1E85DE972687A2 /* SentryScrubber.swift */ = {isa = PBXFileReference; lastKnownFileType = sourcecode.swift; path = SentryScrubber.swift; sourceTree = "<group>"; };
		4F132427FF5F0E4A90DB18F7 /* GrizzyBotUITests.xctest */ = {isa = PBXFileReference; explicitFileType = wrapper.cfbundle; includeInIndex = 0; path = GrizzyBotUITests.xctest; sourceTree = BUILT_PRODUCTS_DIR; };
		5376343DCD2146F6E92EE20A /* AccountLayout.swift */ = {isa = PBXFileReference; lastKnownFileType = sourcecode.swift; path = AccountLayout.swift; sourceTree = "<group>"; };
		537A504870B6B55703340CCC /* AgentEvalCISuite.swift */ = {isa = PBXFileReference; lastKnownFileType = sourcecode.swift; path = AgentEvalCISuite.swift; sourceTree = "<group>"; };
		54109B48A948CCE11C2134C9 /* CrashReporting.swift */ = {isa = PBXFileReference; lastKnownFileType = sourcecode.swift; path = CrashReporting.swift; sourceTree = "<group>"; };
		55D551FCA6542392FDA475B4 /* WebSearch.swift */ = {isa = PBXFileReference; lastKnownFileType = sourcecode.swift; path = WebSearch.swift; sourceTree = "<group>"; };
		581EE7F90D527E74D749DB18 /* model-overlay.png */ = {isa = PBXFileReference; lastKnownFileType = image.png; path = "model-overlay.png"; sourceTree = "<group>"; };
		5A0DC3ACF3FF857D14BC98A3 /* AuditLog.swift */ = {isa = PBXFileReference; lastKnownFileType = sourcecode.swift; path = AuditLog.swift; sourceTree = "<group>"; };
		5B27B21B439108FDB9040797 /* ActionGateway.swift */ = {isa = PBXFileReference; lastKnownFileType = sourcecode.swift; path = ActionGateway.swift; sourceTree = "<group>"; };
		5FC2BCBCCEAF080C3034CD88 /* MemoryIndex.swift */ = {isa = PBXFileReference; lastKnownFileType = sourcecode.swift; path = MemoryIndex.swift; sourceTree = "<group>"; };
		6858080F8B3B961CCD1E9226 /* main.swift */ = {isa = PBXFileReference; lastKnownFileType = sourcecode.swift; path = main.swift; sourceTree = "<group>"; };
		6C24E4303A9892F0A086DAB6 /* plugins-overlay.sha256 */ = {isa = PBXFileReference; path = "plugins-overlay.sha256"; sourceTree = "<group>"; };
		6DA34D298D8D56CBF85779D2 /* ThemePresets.swift */ = {isa = PBXFileReference; lastKnownFileType = sourcecode.swift; path = ThemePresets.swift; sourceTree = "<group>"; };
		6E36873F55BBBA4961D4F4A4 /* OnboardingView.swift */ = {isa = PBXFileReference; lastKnownFileType = sourcecode.swift; path = OnboardingView.swift; sourceTree = "<group>"; };
		74469DB8A73C4588AD8F90B6 /* CanvasBoard.swift */ = {isa = PBXFileReference; lastKnownFileType = sourcecode.swift; path = CanvasBoard.swift; sourceTree = "<group>"; };
		761F162C6796FC6D6365E1D2 /* ActionPolicy.swift */ = {isa = PBXFileReference; lastKnownFileType = sourcecode.swift; path = ActionPolicy.swift; sourceTree = "<group>"; };
		767DB6054B53887215A8925D /* RootView.swift */ = {isa = PBXFileReference; lastKnownFileType = sourcecode.swift; path = RootView.swift; sourceTree = "<group>"; };
		799F8F3268F4DA07E922B34D /* ThemePresetsTests.swift */ = {isa = PBXFileReference; lastKnownFileType = sourcecode.swift; path = ThemePresetsTests.swift; sourceTree = "<group>"; };
		7D4339F43A20C198087B61D8 /* ThemeManager.swift */ = {isa = PBXFileReference; lastKnownFileType = sourcecode.swift; path = ThemeManager.swift; sourceTree = "<group>"; };
		857ECAEC8EC2637B412B065C /* SlashCommandTests.swift */ = {isa = PBXFileReference; lastKnownFileType = sourcecode.swift; path = SlashCommandTests.swift; sourceTree = "<group>"; };
		866AEEBA7A19C592C6896E1A /* Assets.xcassets */ = {isa = PBXFileReference; lastKnownFileType = folder.assetcatalog; path = Assets.xcassets; sourceTree = "<group>"; };
		87B543F78A7662D3F4ADDCF1 /* DisabledBuiltinFallback.swift */ = {isa = PBXFileReference; lastKnownFileType = sourcecode.swift; path = DisabledBuiltinFallback.swift; sourceTree = "<group>"; };
		890A21825B2F26F2634D849F /* SlashCommand.swift */ = {isa = PBXFileReference; lastKnownFileType = sourcecode.swift; path = SlashCommand.swift; sourceTree = "<group>"; };
		895CB54DF308C252E7F0408F /* AgentLoop.swift */ = {isa = PBXFileReference; lastKnownFileType = sourcecode.swift; path = AgentLoop.swift; sourceTree = "<group>"; };
		8A99E87B9C17655D22331DDC /* PluginsOverlayView.swift */ = {isa = PBXFileReference; lastKnownFileType = sourcecode.swift; path = PluginsOverlayView.swift; sourceTree = "<group>"; };
		8B5AF27C0B0A01037267D8C6 /* CanvasBoardTests.swift */ = {isa = PBXFileReference; lastKnownFileType = sourcecode.swift; path = CanvasBoardTests.swift; sourceTree = "<group>"; };
		8E2CC9EE8BD0597819A0089C /* OverlaySnapshotTests.swift */ = {isa = PBXFileReference; lastKnownFileType = sourcecode.swift; path = OverlaySnapshotTests.swift; sourceTree = "<group>"; };
		8E31C4FBEF5A687BD0E8757D /* AgentTools.swift */ = {isa = PBXFileReference; lastKnownFileType = sourcecode.swift; path = AgentTools.swift; sourceTree = "<group>"; };
		9073EF84B672BC0253421319 /* ProductSurface.swift */ = {isa = PBXFileReference; lastKnownFileType = sourcecode.swift; path = ProductSurface.swift; sourceTree = "<group>"; };
		90E608627E9ED8C81E3D90D8 /* LocalProvidersTests.swift */ = {isa = PBXFileReference; lastKnownFileType = sourcecode.swift; path = LocalProvidersTests.swift; sourceTree = "<group>"; };
		916FFD0C6C6F1C1DB4E2F235 /* Store.swift */ = {isa = PBXFileReference; lastKnownFileType = sourcecode.swift; path = Store.swift; sourceTree = "<group>"; };
		92038B47C33FBFAFC7237354 /* RightPanelView.swift */ = {isa = PBXFileReference; lastKnownFileType = sourcecode.swift; path = RightPanelView.swift; sourceTree = "<group>"; };
		92A71407064CF2D0B90D2773 /* PluginClient.swift */ = {isa = PBXFileReference; lastKnownFileType = sourcecode.swift; path = PluginClient.swift; sourceTree = "<group>"; };
		952F78D26F1214CD06838DD4 /* AgentLoopTests.swift */ = {isa = PBXFileReference; lastKnownFileType = sourcecode.swift; path = AgentLoopTests.swift; sourceTree = "<group>"; };
		95CA7AD23A206B7E0DB1696D /* GrizzyThemePalette.swift */ = {isa = PBXFileReference; lastKnownFileType = sourcecode.swift; path = GrizzyThemePalette.swift; sourceTree = "<group>"; };
		977A76A0FDF8165D787040E5 /* Controls.swift */ = {isa = PBXFileReference; lastKnownFileType = sourcecode.swift; path = Controls.swift; sourceTree = "<group>"; };
		98DE05508FC218AF0324D4AD /* StreamWatchdog.swift */ = {isa = PBXFileReference; lastKnownFileType = sourcecode.swift; path = StreamWatchdog.swift; sourceTree = "<group>"; };
		98FB56E6A8F0E04C374360D2 /* WelcomeView.swift */ = {isa = PBXFileReference; lastKnownFileType = sourcecode.swift; path = WelcomeView.swift; sourceTree = "<group>"; };
		9A9628297E2F6AB290976547 /* AgentToolsTests.swift */ = {isa = PBXFileReference; lastKnownFileType = sourcecode.swift; path = AgentToolsTests.swift; sourceTree = "<group>"; };
		9C6F47239DF8119B30729893 /* AgentEvalTests.swift */ = {isa = PBXFileReference; lastKnownFileType = sourcecode.swift; path = AgentEvalTests.swift; sourceTree = "<group>"; };
		9C750D138D23879DD11BF364 /* GrizzyBotRoutineAgent */ = {isa = PBXFileReference; includeInIndex = 0; path = GrizzyBotRoutineAgent; sourceTree = BUILT_PRODUCTS_DIR; };
		9F5EBA381BCD2776C48599E6 /* settings-overlay.sha256 */ = {isa = PBXFileReference; path = "settings-overlay.sha256"; sourceTree = "<group>"; };
		9FF70036E1B1DB5F93ADFD0E /* ShellView.swift */ = {isa = PBXFileReference; lastKnownFileType = sourcecode.swift; path = ShellView.swift; sourceTree = "<group>"; };
		A284BE11C275820917CBA77A /* model-overlay.sha256 */ = {isa = PBXFileReference; path = "model-overlay.sha256"; sourceTree = "<group>"; };
		A2AD36303A2DBCC7BC06A480 /* RoutineScheduleView.swift */ = {isa = PBXFileReference; lastKnownFileType = sourcecode.swift; path = RoutineScheduleView.swift; sourceTree = "<group>"; };
		A3567D1FF4F0C0332952BA67 /* com.grizzybot.routine-agent.plist */ = {isa = PBXFileReference; lastKnownFileType = text.plist; path = "com.grizzybot.routine-agent.plist"; sourceTree = "<group>"; };
		A55EB82572ABD0042429DD5F /* AgentComponents.swift */ = {isa = PBXFileReference; lastKnownFileType = sourcecode.swift; path = AgentComponents.swift; sourceTree = "<group>"; };
		A5A635AA91A430468B8F8E19 /* settings-overlay.png */ = {isa = PBXFileReference; lastKnownFileType = image.png; path = "settings-overlay.png"; sourceTree = "<group>"; };
		A5EFDEC3C012580D78F069B7 /* GovernanceSettingsView.swift */ = {isa = PBXFileReference; lastKnownFileType = sourcecode.swift; path = GovernanceSettingsView.swift; sourceTree = "<group>"; };
		A633400FC7710BE15D50D4A3 /* ThemesSettingsView.swift */ = {isa = PBXFileReference; lastKnownFileType = sourcecode.swift; path = ThemesSettingsView.swift; sourceTree = "<group>"; };
		A879DE77CAB82A98FA411202 /* MarkdownText.swift */ = {isa = PBXFileReference; lastKnownFileType = sourcecode.swift; path = MarkdownText.swift; sourceTree = "<group>"; };
		A8FDF1CBE020860BCC818C84 /* OpenMausFeatures.swift */ = {isa = PBXFileReference; lastKnownFileType = sourcecode.swift; path = OpenMausFeatures.swift; sourceTree = "<group>"; };
		A9FB21B70D5696E2911299D0 /* RoutineTickPlanner.swift */ = {isa = PBXFileReference; lastKnownFileType = sourcecode.swift; path = RoutineTickPlanner.swift; sourceTree = "<group>"; };
		AB794C6AE198441526123B6F /* BotTemplates.swift */ = {isa = PBXFileReference; lastKnownFileType = sourcecode.swift; path = BotTemplates.swift; sourceTree = "<group>"; };
		AE9778D00F176E80CBCAF9FD /* RoutinesPageView.swift */ = {isa = PBXFileReference; lastKnownFileType = sourcecode.swift; path = RoutinesPageView.swift; sourceTree = "<group>"; };
		AF7CD07E9660DBF1FBA63229 /* GovernanceTests.swift */ = {isa = PBXFileReference; lastKnownFileType = sourcecode.swift; path = GovernanceTests.swift; sourceTree = "<group>"; };
		B03D0937258B215ADF13C866 /* skills-overlay.sha256 */ = {isa = PBXFileReference; path = "skills-overlay.sha256"; sourceTree = "<group>"; };
		B2DE149539922913EDE48D05 /* ComputerCoordinates.swift */ = {isa = PBXFileReference; lastKnownFileType = sourcecode.swift; path = ComputerCoordinates.swift; sourceTree = "<group>"; };
		B43FF6C7110A4DC3E3A97E0D /* PasswordHasher.swift */ = {isa = PBXFileReference; lastKnownFileType = sourcecode.swift; path = PasswordHasher.swift; sourceTree = "<group>"; };
		B4FDE0298BE79175C564B678 /* MacAccessibility.swift */ = {isa = PBXFileReference; lastKnownFileType = sourcecode.swift; path = MacAccessibility.swift; sourceTree = "<group>"; };
		B52990D4F2C40525BBC85828 /* Release.xcconfig */ = {isa = PBXFileReference; lastKnownFileType = text.xcconfig; path = Release.xcconfig; sourceTree = "<group>"; };
		B69D5BEBF0571E0FC270DF94 /* AccountMigration.swift */ = {isa = PBXFileReference; lastKnownFileType = sourcecode.swift; path = AccountMigration.swift; sourceTree = "<group>"; };
		B9C2B9FF90E5DC782DCFC67E /* SecurityTests.swift */ = {isa = PBXFileReference; lastKnownFileType = sourcecode.swift; path = SecurityTests.swift; sourceTree = "<group>"; };
		BC342E09BDBE58984F59E04D /* ChatView.swift */ = {isa = PBXFileReference; lastKnownFileType = sourcecode.swift; path = ChatView.swift; sourceTree = "<group>"; };
		BC9E403F9F39A06B18F1000B /* GovernanceModels.swift */ = {isa = PBXFileReference; lastKnownFileType = sourcecode.swift; path = GovernanceModels.swift; sourceTree = "<group>"; };
		BDCA990BE7B07A9AEE9BEB59 /* ComputerRoutineQualityTests.swift */ = {isa = PBXFileReference; lastKnownFileType = sourcecode.swift; path = ComputerRoutineQualityTests.swift; sourceTree = "<group>"; };
		BED9B320C808B307D93EB780 /* HostComputerPromptView.swift */ = {isa = PBXFileReference; lastKnownFileType = sourcecode.swift; path = HostComputerPromptView.swift; sourceTree = "<group>"; };
		C2D5559FC77159F1177010B8 /* DiagnosticScrubber.swift */ = {isa = PBXFileReference; lastKnownFileType = sourcecode.swift; path = DiagnosticScrubber.swift; sourceTree = "<group>"; };
		C3108710D4DD93C34D507A39 /* libGrizzyBotCore.a */ = {isa = PBXFileReference; explicitFileType = archive.ar; includeInIndex = 0; path = libGrizzyBotCore.a; sourceTree = BUILT_PRODUCTS_DIR; };
		C9A422AE0345B5E77B84BA2E /* GrizzyBotApp.swift */ = {isa = PBXFileReference; lastKnownFileType = sourcecode.swift; path = GrizzyBotApp.swift; sourceTree = "<group>"; };
		CC7102D998178BBA84298757 /* McpClientTests.swift */ = {isa = PBXFileReference; lastKnownFileType = sourcecode.swift; path = McpClientTests.swift; sourceTree = "<group>"; };
		CF745952D1E372EE721E0CD5 /* PolicyCEL.swift */ = {isa = PBXFileReference; lastKnownFileType = sourcecode.swift; path = PolicyCEL.swift; sourceTree = "<group>"; };
		D3DB698FC0B1F6B35CB5B99E /* McpCatalog.swift */ = {isa = PBXFileReference; lastKnownFileType = sourcecode.swift; path = McpCatalog.swift; sourceTree = "<group>"; };
		D526B98BCA143BD0302A7966 /* CanvasViews.swift */ = {isa = PBXFileReference; lastKnownFileType = sourcecode.swift; path = CanvasViews.swift; sourceTree = "<group>"; };
		D5F5BBB7F1FC532399DE8DE2 /* GrizzyBot.entitlements */ = {isa = PBXFileReference; lastKnownFileType = text.plist.entitlements; path = GrizzyBot.entitlements; sourceTree = "<group>"; };
		D87DBE8B0F52E051C297FA2B /* JSONValue.swift */ = {isa = PBXFileReference; lastKnownFileType = sourcecode.swift; path = JSONValue.swift; sourceTree = "<group>"; };
		DB704FD9B2CDB9B8C40ACF21 /* GrizzyBot.app */ = {isa = PBXFileReference; explicitFileType = wrapper.application; includeInIndex = 0; path = GrizzyBot.app; sourceTree = BUILT_PRODUCTS_DIR; };
		DD69F88EDAEFE3272168C64F /* Skills.swift */ = {isa = PBXFileReference; lastKnownFileType = sourcecode.swift; path = Skills.swift; sourceTree = "<group>"; };
		DDF394BDED582E532893E9AD /* Persistence.swift */ = {isa = PBXFileReference; lastKnownFileType = sourcecode.swift; path = Persistence.swift; sourceTree = "<group>"; };
		E0BAC0485B69EE9D834F1421 /* LLMClient.swift */ = {isa = PBXFileReference; lastKnownFileType = sourcecode.swift; path = LLMClient.swift; sourceTree = "<group>"; };
		E3AD1552B3178B76EEDCDDA8 /* MenuBarView.swift */ = {isa = PBXFileReference; lastKnownFileType = sourcecode.swift; path = MenuBarView.swift; sourceTree = "<group>"; };
		E3DAE95AF568C793F1B0F4A1 /* ComputerDesktopView.swift */ = {isa = PBXFileReference; lastKnownFileType = sourcecode.swift; path = ComputerDesktopView.swift; sourceTree = "<group>"; };
		E8B5913CB3FC2BF2CC9408E5 /* plugins-overlay.png */ = {isa = PBXFileReference; lastKnownFileType = image.png; path = "plugins-overlay.png"; sourceTree = "<group>"; };
		EA45AF3D349EA5C61D89CA03 /* ModelCatalog.swift */ = {isa = PBXFileReference; lastKnownFileType = sourcecode.swift; path = ModelCatalog.swift; sourceTree = "<group>"; };
		EFEF0D6BFF53DA0CBF74F153 /* ScriptedRuntime.swift */ = {isa = PBXFileReference; lastKnownFileType = sourcecode.swift; path = ScriptedRuntime.swift; sourceTree = "<group>"; };
		F00BA61D03E0F2FE86BFED60 /* ModelProviderProfileTests.swift */ = {isa = PBXFileReference; lastKnownFileType = sourcecode.swift; path = ModelProviderProfileTests.swift; sourceTree = "<group>"; };
		F3759CA0FED3BDA9EF99C2D0 /* MessageViews.swift */ = {isa = PBXFileReference; lastKnownFileType = sourcecode.swift; path = MessageViews.swift; sourceTree = "<group>"; };
		F49EFDC3FDC62028E85C4138 /* Debug.xcconfig */ = {isa = PBXFileReference; lastKnownFileType = text.xcconfig; path = Debug.xcconfig; sourceTree = "<group>"; };
		F73A3E686D63B7A8C6906E5D /* SecretStore.swift */ = {isa = PBXFileReference; lastKnownFileType = sourcecode.swift; path = SecretStore.swift; sourceTree = "<group>"; };
		F7CA677539969350DA5AACF6 /* WindowChrome.swift */ = {isa = PBXFileReference; lastKnownFileType = sourcecode.swift; path = WindowChrome.swift; sourceTree = "<group>"; };
		F90EA06CDFEC030B799F2E34 /* ModelProviderProfiles.swift */ = {isa = PBXFileReference; lastKnownFileType = sourcecode.swift; path = ModelProviderProfiles.swift; sourceTree = "<group>"; };
		F91A2645D5698998169C03B8 /* SidebarView.swift */ = {isa = PBXFileReference; lastKnownFileType = sourcecode.swift; path = SidebarView.swift; sourceTree = "<group>"; };
		FAAAF7AB908DE6EBB68D5394 /* McpGatewayCall.swift */ = {isa = PBXFileReference; lastKnownFileType = sourcecode.swift; path = McpGatewayCall.swift; sourceTree = "<group>"; };
		FB44D631A1BFEC6A49332CEF /* CronTests.swift */ = {isa = PBXFileReference; lastKnownFileType = sourcecode.swift; path = CronTests.swift; sourceTree = "<group>"; };
/* End PBXFileReference section */

/* Begin PBXFrameworksBuildPhase section */
		2C9D41D8799D08CE1D846578 /* Frameworks */ = {
			isa = PBXFrameworksBuildPhase;
			buildActionMask = 2147483647;
			files = (
				768B749CB7E87E2C3F2C087D /* libGrizzyBotCore.a in Frameworks */,
			);
			runOnlyForDeploymentPostprocessing = 0;
		};
		4BF5E042ABD7EAE89620DB3F /* Frameworks */ = {
			isa = PBXFrameworksBuildPhase;
			buildActionMask = 2147483647;
			files = (
				C2155112EEF20821AFBA5AF5 /* libGrizzyBotCore.a in Frameworks */,
			);
			runOnlyForDeploymentPostprocessing = 0;
		};
		61F51AF03737FC1B112009FB /* Frameworks */ = {
			isa = PBXFrameworksBuildPhase;
			buildActionMask = 2147483647;
			files = (
				D109624BFF8F2F13037AA2E0 /* libGrizzyBotCore.a in Frameworks */,
				83679BCB66DF620E2156104F /* Sentry in Frameworks */,
			);
			runOnlyForDeploymentPostprocessing = 0;
		};
/* End PBXFrameworksBuildPhase section */

/* Begin PBXGroup section */
		00BD656BACD6C28A610A2A2A /* Configs */ = {
			isa = PBXGroup;
			children = (
				F49EFDC3FDC62028E85C4138 /* Debug.xcconfig */,
				B52990D4F2C40525BBC85828 /* Release.xcconfig */,
			);
			path = Configs;
			sourceTree = "<group>";
		};
		1AE72DC10CE69A4D4D9DF828 /* GrizzyBotCoreTests */ = {
			isa = PBXGroup;
			children = (
				537A504870B6B55703340CCC /* AgentEvalCISuite.swift */,
				9C6F47239DF8119B30729893 /* AgentEvalTests.swift */,
				952F78D26F1214CD06838DD4 /* AgentLoopTests.swift */,
				9A9628297E2F6AB290976547 /* AgentToolsTests.swift */,
				034ABF68635D68B313AA7DEA /* BotHomeWebSearchTests.swift */,
				8B5AF27C0B0A01037267D8C6 /* CanvasBoardTests.swift */,
				25D0DA2A29296B6CA8B4DAFC /* ComposioTests.swift */,
				BDCA990BE7B07A9AEE9BEB59 /* ComputerRoutineQualityTests.swift */,
				FB44D631A1BFEC6A49332CEF /* CronTests.swift */,
				AF7CD07E9660DBF1FBA63229 /* GovernanceTests.swift */,
				90E608627E9ED8C81E3D90D8 /* LocalProvidersTests.swift */,
				38404F696EB8978F298A22AA /* McpCatalogPromoteTests.swift */,
				CC7102D998178BBA84298757 /* McpClientTests.swift */,
				F00BA61D03E0F2FE86BFED60 /* ModelProviderProfileTests.swift */,
				046251ABA24371B25741F1D9 /* ProductSurfaceTests.swift */,
				080535B053570E1DAF2CA630 /* ScriptedRuntimeTests.swift */,
				B9C2B9FF90E5DC782DCFC67E /* SecurityTests.swift */,
				26AE1BDDBA0904EDDDF50C8F /* SkillsTests.swift */,
				857ECAEC8EC2637B412B065C /* SlashCommandTests.swift */,
				2C8AF18B9C627741E5A510CC /* StoreTests.swift */,
				799F8F3268F4DA07E922B34D /* ThemePresetsTests.swift */,
			);
			path = GrizzyBotCoreTests;
			sourceTree = "<group>";
		};
		1C6D6953F15586EA6F5B0EAC /* GrizzyBotRoutineAgent */ = {
			isa = PBXGroup;
			children = (
				A3567D1FF4F0C0332952BA67 /* com.grizzybot.routine-agent.plist */,
				6858080F8B3B961CCD1E9226 /* main.swift */,
			);
			path = GrizzyBotRoutineAgent;
			sourceTree = "<group>";
		};
		3360E6B82B499D7B6D6A1F0B /* GrizzyBotUITests */ = {
			isa = PBXGroup;
			children = (
				39799E47CE1EEBF60A81AFDA /* OverlayUITests.swift */,
			);
			path = GrizzyBotUITests;
			sourceTree = "<group>";
		};
		3714BA5BC0C678735A44D2B6 /* Tests */ = {
			isa = PBXGroup;
			children = (
				71FDA3375A5691B88F4182FE /* GrizzyBotAppTests */,
				1AE72DC10CE69A4D4D9DF828 /* GrizzyBotCoreTests */,
				3360E6B82B499D7B6D6A1F0B /* GrizzyBotUITests */,
			);
			path = Tests;
			sourceTree = "<group>";
		};
		4B710A8A25E8716897577458 /* Goldens */ = {
			isa = PBXGroup;
			children = (
				581EE7F90D527E74D749DB18 /* model-overlay.png */,
				A284BE11C275820917CBA77A /* model-overlay.sha256 */,
				E8B5913CB3FC2BF2CC9408E5 /* plugins-overlay.png */,
				6C24E4303A9892F0A086DAB6 /* plugins-overlay.sha256 */,
				A5A635AA91A430468B8F8E19 /* settings-overlay.png */,
				9F5EBA381BCD2776C48599E6 /* settings-overlay.sha256 */,
				2D9E37BD1C3F05CB19641F47 /* skills-overlay.png */,
				B03D0937258B215ADF13C866 /* skills-overlay.sha256 */,
			);
			path = Goldens;
			sourceTree = "<group>";
		};
		71FDA3375A5691B88F4182FE /* GrizzyBotAppTests */ = {
			isa = PBXGroup;
			children = (
				4B710A8A25E8716897577458 /* Goldens */,
				8E2CC9EE8BD0597819A0089C /* OverlaySnapshotTests.swift */,
			);
			path = GrizzyBotAppTests;
			sourceTree = "<group>";
		};
		8174D682D4D9BC1A2A1A58EE = {
			isa = PBXGroup;
			children = (
				00BD656BACD6C28A610A2A2A /* Configs */,
				B07EC989C9AC5B4529F0474C /* Sources */,
				3714BA5BC0C678735A44D2B6 /* Tests */,
				98A3C543FF2ADE49F83E6E40 /* Products */,
			);
			sourceTree = "<group>";
		};
		98A3C543FF2ADE49F83E6E40 /* Products */ = {
			isa = PBXGroup;
			children = (
				DB704FD9B2CDB9B8C40ACF21 /* GrizzyBot.app */,
				1F4223D6DD17A3FD2298EB17 /* GrizzyBotAppTests.xctest */,
				3C22124F7FE82A7C71958B52 /* GrizzyBotCoreTests.xctest */,
				9C750D138D23879DD11BF364 /* GrizzyBotRoutineAgent */,
				4F132427FF5F0E4A90DB18F7 /* GrizzyBotUITests.xctest */,
				C3108710D4DD93C34D507A39 /* libGrizzyBotCore.a */,
			);
			name = Products;
			sourceTree = "<group>";
		};
		B07EC989C9AC5B4529F0474C /* Sources */ = {
			isa = PBXGroup;
			children = (
				E3CEFAE4CF451DD490A5D9C2 /* GrizzyBot */,
				FB0E0E6746960B56C9F74B00 /* GrizzyBotCore */,
				1C6D6953F15586EA6F5B0EAC /* GrizzyBotRoutineAgent */,
			);
			path = Sources;
			sourceTree = "<group>";
		};
		E3CEFAE4CF451DD490A5D9C2 /* GrizzyBot */ = {
			isa = PBXGroup;
			children = (
				46DAE4FA2D21D33E50DC75AC /* AppSettingsOverlayView.swift */,
				866AEEBA7A19C592C6896E1A /* Assets.xcassets */,
				0BA7B2A255FBC58BB87CF143 /* AuthView.swift */,
				08FA8FC9AEC1C43764D5736E /* BotAvatarView.swift */,
				D526B98BCA143BD0302A7966 /* CanvasViews.swift */,
				BC342E09BDBE58984F59E04D /* ChatView.swift */,
				E3DAE95AF568C793F1B0F4A1 /* ComputerDesktopView.swift */,
				977A76A0FDF8165D787040E5 /* Controls.swift */,
				54109B48A948CCE11C2134C9 /* CrashReporting.swift */,
				A5EFDEC3C012580D78F069B7 /* GovernanceSettingsView.swift */,
				D5F5BBB7F1FC532399DE8DE2 /* GrizzyBot.entitlements */,
				399CF9C4F90564BD9E964847 /* GrizzyBot.Release.entitlements */,
				C9A422AE0345B5E77B84BA2E /* GrizzyBotApp.swift */,
				95CA7AD23A206B7E0DB1696D /* GrizzyThemePalette.swift */,
				BED9B320C808B307D93EB780 /* HostComputerPromptView.swift */,
				31AAC2F56EC52FC99A5DC171 /* LoginItem.swift */,
				B4FDE0298BE79175C564B678 /* MacAccessibility.swift */,
				0B956207C2F835CABA246352 /* MainWindowController.swift */,
				A879DE77CAB82A98FA411202 /* MarkdownText.swift */,
				E3AD1552B3178B76EEDCDDA8 /* MenuBarView.swift */,
				F3759CA0FED3BDA9EF99C2D0 /* MessageViews.swift */,
				3F1B5A4A25272D8DE8BEFC36 /* ModelConnectView.swift */,
				6E36873F55BBBA4961D4F4A4 /* OnboardingView.swift */,
				8A99E87B9C17655D22331DDC /* PluginsOverlayView.swift */,
				92038B47C33FBFAFC7237354 /* RightPanelView.swift */,
				767DB6054B53887215A8925D /* RootView.swift */,
				A2AD36303A2DBCC7BC06A480 /* RoutineScheduleView.swift */,
				AE9778D00F176E80CBCAF9FD /* RoutinesPageView.swift */,
				4EF076311B1E85DE972687A2 /* SentryScrubber.swift */,
				9FF70036E1B1DB5F93ADFD0E /* ShellView.swift */,
				F91A2645D5698998169C03B8 /* SidebarView.swift */,
				02646B4AC3D01508A64AAE45 /* SkillsOverlayView.swift */,
				107F8E16F2EC4C7CAAB5AB1D /* SpeechSupport.swift */,
				21F3B6B0B59AA23B0584273B /* Theme.swift */,
				7D4339F43A20C198087B61D8 /* ThemeManager.swift */,
				6DA34D298D8D56CBF85779D2 /* ThemePresets.swift */,
				A633400FC7710BE15D50D4A3 /* ThemesSettingsView.swift */,
				46EF092B52E8901BD0301058 /* UITestLaunch.swift */,
				98FB56E6A8F0E04C374360D2 /* WelcomeView.swift */,
				F7CA677539969350DA5AACF6 /* WindowChrome.swift */,
			);
			path = GrizzyBot;
			sourceTree = "<group>";
		};
		FB0E0E6746960B56C9F74B00 /* GrizzyBotCore */ = {
			isa = PBXGroup;
			children = (
				246394FECC5E4669CBFAFF26 /* AccountCredentialStore.swift */,
				5376343DCD2146F6E92EE20A /* AccountLayout.swift */,
				B69D5BEBF0571E0FC270DF94 /* AccountMigration.swift */,
				5B27B21B439108FDB9040797 /* ActionGateway.swift */,
				761F162C6796FC6D6365E1D2 /* ActionPolicy.swift */,
				A55EB82572ABD0042429DD5F /* AgentComponents.swift */,
				895CB54DF308C252E7F0408F /* AgentLoop.swift */,
				8E31C4FBEF5A687BD0E8757D /* AgentTools.swift */,
				1F89AB1C5DBB68A861D07FE7 /* AguiClient.swift */,
				5A0DC3ACF3FF857D14BC98A3 /* AuditLog.swift */,
				31F28F0711AD84A51BEAE918 /* BotHome.swift */,
				AB794C6AE198441526123B6F /* BotTemplates.swift */,
				74469DB8A73C4588AD8F90B6 /* CanvasBoard.swift */,
				2607B85B157D19695C87F956 /* ComposioClient.swift */,
				B2DE149539922913EDE48D05 /* ComputerCoordinates.swift */,
				0C12DFABEB292FC633AB5790 /* ComputerRuntime.swift */,
				33CF45217EF15990999EBA75 /* Cron.swift */,
				06D4C278B4E67B463CF61827 /* DestinationStore.swift */,
				18AF36B17110508186941B07 /* DeviceCodeAuth.swift */,
				C2D5559FC77159F1177010B8 /* DiagnosticScrubber.swift */,
				87B543F78A7662D3F4ADDCF1 /* DisabledBuiltinFallback.swift */,
				BC9E403F9F39A06B18F1000B /* GovernanceModels.swift */,
				D87DBE8B0F52E051C297FA2B /* JSONValue.swift */,
				0D5E4F9D55C5ADB319D3097E /* KnowledgePlane.swift */,
				E0BAC0485B69EE9D834F1421 /* LLMClient.swift */,
				3A13665DC7A54059575E9646 /* LocalProviders.swift */,
				D3DB698FC0B1F6B35CB5B99E /* McpCatalog.swift */,
				4C056F8276A70A11729EAE82 /* McpCatalogPromote.swift */,
				1EAA172FAC1AB99A08E6AC55 /* McpClient.swift */,
				FAAAF7AB908DE6EBB68D5394 /* McpGatewayCall.swift */,
				5FC2BCBCCEAF080C3034CD88 /* MemoryIndex.swift */,
				0DB2D2419378187A5D98A63A /* MemoryLedger.swift */,
				EA45AF3D349EA5C61D89CA03 /* ModelCatalog.swift */,
				F90EA06CDFEC030B799F2E34 /* ModelProviderProfiles.swift */,
				4E68757C80AA3F6C31769048 /* Models.swift */,
				A8FDF1CBE020860BCC818C84 /* OpenMausFeatures.swift */,
				B43FF6C7110A4DC3E3A97E0D /* PasswordHasher.swift */,
				DDF394BDED582E532893E9AD /* Persistence.swift */,
				92A71407064CF2D0B90D2773 /* PluginClient.swift */,
				CF745952D1E372EE721E0CD5 /* PolicyCEL.swift */,
				9073EF84B672BC0253421319 /* ProductSurface.swift */,
				A9FB21B70D5696E2911299D0 /* RoutineTickPlanner.swift */,
				EFEF0D6BFF53DA0CBF74F153 /* ScriptedRuntime.swift */,
				F73A3E686D63B7A8C6906E5D /* SecretStore.swift */,
				DD69F88EDAEFE3272168C64F /* Skills.swift */,
				890A21825B2F26F2634D849F /* SlashCommand.swift */,
				916FFD0C6C6F1C1DB4E2F235 /* Store.swift */,
				98DE05508FC218AF0324D4AD /* StreamWatchdog.swift */,
				55D551FCA6542392FDA475B4 /* WebSearch.swift */,
			);
			path = GrizzyBotCore;
			sourceTree = "<group>";
		};
/* End PBXGroup section */

/* Begin PBXNativeTarget section */
		21CD727AF02EEE29AF57908C /* GrizzyBotCore */ = {
			isa = PBXNativeTarget;
			buildConfigurationList = A94D47C7C9585A9961B21212 /* Build configuration list for PBXNativeTarget "GrizzyBotCore" */;
			buildPhases = (
				8890F4C6603084B48C5996B6 /* Sources */,
			);
			buildRules = (
			);
			dependencies = (
			);
			name = GrizzyBotCore;
			packageProductDependencies = (
			);
			productName = GrizzyBotCore;
			productReference = C3108710D4DD93C34D507A39 /* libGrizzyBotCore.a */;
			productType = "com.apple.product-type.library.static";
		};
		3C13EA0D1B0B9BA760B455FC /* GrizzyBotAppTests */ = {
			isa = PBXNativeTarget;
			buildConfigurationList = D601B4AE10F091E191AB41ED /* Build configuration list for PBXNativeTarget "GrizzyBotAppTests" */;
			buildPhases = (
				DB5343033FB32FE9B7C6D079 /* Sources */,
				ACB2C048A051FD1ACAB78DC3 /* Resources */,
			);
			buildRules = (
			);
			dependencies = (
				3057671E309C8079F18A1794 /* PBXTargetDependency */,
			);
			name = GrizzyBotAppTests;
			packageProductDependencies = (
			);
			productName = GrizzyBotAppTests;
			productReference = 1F4223D6DD17A3FD2298EB17 /* GrizzyBotAppTests.xctest */;
			productType = "com.apple.product-type.bundle.unit-test";
		};
		4837798EE5DD22679AE0204D /* GrizzyBotCoreTests */ = {
			isa = PBXNativeTarget;
			buildConfigurationList = 310C4D09AF8718C2B1DF9A9D /* Build configuration list for PBXNativeTarget "GrizzyBotCoreTests" */;
			buildPhases = (
				B39B2A9DE1E18C7B85D6F843 /* Sources */,
				4BF5E042ABD7EAE89620DB3F /* Frameworks */,
			);
			buildRules = (
			);
			dependencies = (
				CD6547977E3C40FEAC931A8B /* PBXTargetDependency */,
			);
			name = GrizzyBotCoreTests;
			packageProductDependencies = (
			);
			productName = GrizzyBotCoreTests;
			productReference = 3C22124F7FE82A7C71958B52 /* GrizzyBotCoreTests.xctest */;
			productType = "com.apple.product-type.bundle.unit-test";
		};
		4DED67AB21062EA52562E147 /* GrizzyBot */ = {
			isa = PBXNativeTarget;
			buildConfigurationList = F39207201F2200D77074F681 /* Build configuration list for PBXNativeTarget "GrizzyBot" */;
			buildPhases = (
				BCC09DB40948931F6BD681AD /* Sources */,
				5C8DDFC4CB5BB85B8BA0D3A4 /* Resources */,
				637FC67E0309E35FDF3EC280 /* CopyFiles */,
				61F51AF03737FC1B112009FB /* Frameworks */,
				DE5A14F9711A7F11C655799F /* Embed Dependencies */,
			);
			buildRules = (
			);
			dependencies = (
				FA3FE516693094E5BEE2D403 /* PBXTargetDependency */,
				F1804F2675A4AA4ABB62807B /* PBXTargetDependency */,
			);
			name = GrizzyBot;
			packageProductDependencies = (
				A8C39A00FDBD11E12B8B3518 /* Sentry */,
			);
			productName = GrizzyBot;
			productReference = DB704FD9B2CDB9B8C40ACF21 /* GrizzyBot.app */;
			productType = "com.apple.product-type.application";
		};
		82E8038B0139887959C006C5 /* GrizzyBotUITests */ = {
			isa = PBXNativeTarget;
			buildConfigurationList = AE57267C1D75C4945D28A8A1 /* Build configuration list for PBXNativeTarget "GrizzyBotUITests" */;
			buildPhases = (
				437F259D2CA0CA54A5315F74 /* Sources */,
			);
			buildRules = (
			);
			dependencies = (
				C95CCD5B84CAFA1657701D13 /* PBXTargetDependency */,
			);
			name = GrizzyBotUITests;
			packageProductDependencies = (
			);
			productName = GrizzyBotUITests;
			productReference = 4F132427FF5F0E4A90DB18F7 /* GrizzyBotUITests.xctest */;
			productType = "com.apple.product-type.bundle.ui-testing";
		};
		BF618300DCC9F1F73B62F7DD /* GrizzyBotRoutineAgent */ = {
			isa = PBXNativeTarget;
			buildConfigurationList = 16916894C2641947345460CD /* Build configuration list for PBXNativeTarget "GrizzyBotRoutineAgent" */;
			buildPhases = (
				4FFA77708E12313108386CB6 /* Sources */,
				2C9D41D8799D08CE1D846578 /* Frameworks */,
			);
			buildRules = (
			);
			dependencies = (
				C92156B5842DE5AC75C2D06E /* PBXTargetDependency */,
			);
			name = GrizzyBotRoutineAgent;
			packageProductDependencies = (
			);
			productName = GrizzyBotRoutineAgent;
			productReference = 9C750D138D23879DD11BF364 /* GrizzyBotRoutineAgent */;
			productType = "com.apple.product-type.tool";
		};
/* End PBXNativeTarget section */

/* Begin PBXProject section */
		4AB0D8B019E7C200A2E73B88 /* Project object */ = {
			isa = PBXProject;
			attributes = {
				BuildIndependentTargetsInParallel = YES;
				LastSwiftUpdateCheck = 2700;
				LastUpgradeCheck = 2700;
				TargetAttributes = {
					21CD727AF02EEE29AF57908C = {
						ProvisioningStyle = Automatic;
					};
					3C13EA0D1B0B9BA760B455FC = {
						ProvisioningStyle = Automatic;
					};
					4837798EE5DD22679AE0204D = {
						ProvisioningStyle = Automatic;
					};
					82E8038B0139887959C006C5 = {
						ProvisioningStyle = Automatic;
						TestTargetID = 4DED67AB21062EA52562E147;
					};
					BF618300DCC9F1F73B62F7DD = {
						ProvisioningStyle = Automatic;
					};
				};
			};
			buildConfigurationList = 10A85EC0B8A33339379E1A65 /* Build configuration list for PBXProject "GrizzyBot" */;
			developmentRegion = en;
			hasScannedForEncodings = 0;
			knownRegions = (
				Base,
				en,
			);
			mainGroup = 8174D682D4D9BC1A2A1A58EE;
			minimizedProjectReferenceProxies = 1;
			packageReferences = (
				E5601A13BF5F34217A27F197 /* XCRemoteSwiftPackageReference "sentry-cocoa" */,
			);
			preferredProjectObjectVersion = 90;
			productRefGroup = 98A3C543FF2ADE49F83E6E40 /* Products */;
			projectDirPath = "";
			projectRoot = "";
			targets = (
				21CD727AF02EEE29AF57908C /* GrizzyBotCore */,
				BF618300DCC9F1F73B62F7DD /* GrizzyBotRoutineAgent */,
				4DED67AB21062EA52562E147 /* GrizzyBot */,
				4837798EE5DD22679AE0204D /* GrizzyBotCoreTests */,
				3C13EA0D1B0B9BA760B455FC /* GrizzyBotAppTests */,
				82E8038B0139887959C006C5 /* GrizzyBotUITests */,
			);
		};
/* End PBXProject section */

/* Begin PBXResourcesBuildPhase section */
		5C8DDFC4CB5BB85B8BA0D3A4 /* Resources */ = {
			isa = PBXResourcesBuildPhase;
			buildActionMask = 2147483647;
			files = (
				24D6710085EB943440D0877F /* Assets.xcassets in Resources */,
			);
			runOnlyForDeploymentPostprocessing = 0;
		};
		ACB2C048A051FD1ACAB78DC3 /* Resources */ = {
			isa = PBXResourcesBuildPhase;
			buildActionMask = 2147483647;
			files = (
				E6BC9B9A51A19A1E76DC8DBC /* model-overlay.png in Resources */,
				A2B8003C6ABFAB67CAAA268F /* model-overlay.sha256 in Resources */,
				E3F81CC77AD08D04BDDD7148 /* plugins-overlay.png in Resources */,
				3F73207FF92A92719E9654C5 /* plugins-overlay.sha256 in Resources */,
				B905B593CC401A6BFAB40C53 /* settings-overlay.png in Resources */,
				343D7169A7E6A02057BCF921 /* settings-overlay.sha256 in Resources */,
				58B4468D26F79713AAE805BF /* skills-overlay.png in Resources */,
				7A448D87E59B4A48F4BD4DD8 /* skills-overlay.sha256 in Resources */,
			);
			runOnlyForDeploymentPostprocessing = 0;
		};
/* End PBXResourcesBuildPhase section */

/* Begin PBXSourcesBuildPhase section */
		437F259D2CA0CA54A5315F74 /* Sources */ = {
			isa = PBXSourcesBuildPhase;
			buildActionMask = 2147483647;
			files = (
				7A0B1C08071FF7138CCFB226 /* OverlayUITests.swift in Sources */,
			);
			runOnlyForDeploymentPostprocessing = 0;
		};
		4FFA77708E12313108386CB6 /* Sources */ = {
			isa = PBXSourcesBuildPhase;
			buildActionMask = 2147483647;
			files = (
				ED3F9E07FBEBDC5546E94798 /* main.swift in Sources */,
			);
			runOnlyForDeploymentPostprocessing = 0;
		};
		8890F4C6603084B48C5996B6 /* Sources */ = {
			isa = PBXSourcesBuildPhase;
			buildActionMask = 2147483647;
			files = (
				4B264AE3C1A517966943944F /* AccountCredentialStore.swift in Sources */,
				8C6BB9D1322D8E9C76424977 /* AccountLayout.swift in Sources */,
				7AEA2DA649A4294BD4E6FE19 /* AccountMigration.swift in Sources */,
				ACFB75753807F8BCD030741F /* ActionGateway.swift in Sources */,
				70FF22664EC40E3465B29EE1 /* ActionPolicy.swift in Sources */,
				1223298A9808421CF555899B /* AgentComponents.swift in Sources */,
				CF093FECE761E921602DD6EA /* AgentLoop.swift in Sources */,
				002000712F9B648B461791FB /* AgentTools.swift in Sources */,
				3D0B35968BEC5EB94C0BC298 /* AguiClient.swift in Sources */,
				BD000FA49A8E793BD2FEE385 /* AuditLog.swift in Sources */,
				1B3E830AD3F520262482FFC9 /* BotHome.swift in Sources */,
				7EED246F2CB22EF04A3149C0 /* BotTemplates.swift in Sources */,
				E716CEA12AE576FE9B7B3BF4 /* CanvasBoard.swift in Sources */,
				F4F4AD149A04743B443534DF /* ComposioClient.swift in Sources */,
				3250E8994EF5CF78CB51784C /* ComputerCoordinates.swift in Sources */,
				2E70295D31A7021C554C7F0D /* ComputerRuntime.swift in Sources */,
				71A10283014E6CA714B92E7E /* Cron.swift in Sources */,
				5BFC52F247353EAFEF8E18FD /* DestinationStore.swift in Sources */,
				3B91AC90C681D794785E8CDD /* DeviceCodeAuth.swift in Sources */,
				806541D7903FEFC7C6A0BF0C /* DiagnosticScrubber.swift in Sources */,
				098CA18EA82E6E824F19C601 /* DisabledBuiltinFallback.swift in Sources */,
				0CA65551A62764537C76DE00 /* GovernanceModels.swift in Sources */,
				02A75930E7E89FB469CF109F /* JSONValue.swift in Sources */,
				EF1A36BA780C888B7513C2E9 /* KnowledgePlane.swift in Sources */,
				A87D9D20E3EA567B5A64D60F /* LLMClient.swift in Sources */,
				9E2708F345079F8E2E71CDB9 /* LocalProviders.swift in Sources */,
				115DD5F722D7A0FEAEA601CA /* McpCatalog.swift in Sources */,
				A1752ECC2E09E44F7174B4D6 /* McpCatalogPromote.swift in Sources */,
				8ABB3A13219B3D5D73205E6D /* McpClient.swift in Sources */,
				972DF04DE576CF2FEBC3C6C0 /* McpGatewayCall.swift in Sources */,
				B5F54CF7C94AF3A43DA1DCF2 /* MemoryIndex.swift in Sources */,
				54A30211DE3B9E02D99E087A /* MemoryLedger.swift in Sources */,
				B64BB9DAF2F3CC51CA893DEC /* ModelCatalog.swift in Sources */,
				C2D608D80F57EA61252D1407 /* ModelProviderProfiles.swift in Sources */,
				EF7C483E6C5D471929194F14 /* Models.swift in Sources */,
				0CAD997F01B7DBA5C5F1EF93 /* OpenMausFeatures.swift in Sources */,
				3A4C97A8FE97C9AE45CDFD7F /* PasswordHasher.swift in Sources */,
				67786054E57D901D86FA257D /* Persistence.swift in Sources */,
				CF3028E5FD59D3C6C55959DC /* PluginClient.swift in Sources */,
				C10A20A11AF13AA9F9E720EB /* PolicyCEL.swift in Sources */,
				90FE300FCFE71BB659CBFBBF /* ProductSurface.swift in Sources */,
				39DE855B15FE2326EA553556 /* RoutineTickPlanner.swift in Sources */,
				B3084169C569910C1658D873 /* ScriptedRuntime.swift in Sources */,
				AA5CEB9FC08A225B9D232A1A /* SecretStore.swift in Sources */,
				D1F6638E7866D8C5F78D1D6F /* Skills.swift in Sources */,
				1CC1C5654299D92D5D75FF87 /* SlashCommand.swift in Sources */,
				4EB54A526111A5A0F522FD81 /* Store.swift in Sources */,
				AF19F9433EC3CD71F4574EC0 /* StreamWatchdog.swift in Sources */,
				48244E081B4FCD51C4EE0BA9 /* WebSearch.swift in Sources */,
			);
			runOnlyForDeploymentPostprocessing = 0;
		};
		B39B2A9DE1E18C7B85D6F843 /* Sources */ = {
			isa = PBXSourcesBuildPhase;
			buildActionMask = 2147483647;
			files = (
				74EF7052A5D73F0080832887 /* AgentEvalCISuite.swift in Sources */,
				0FE8776E8D339A119A07AC89 /* AgentEvalTests.swift in Sources */,
				C9CC3636E4ABB5D3ED534B3F /* AgentLoopTests.swift in Sources */,
				2ACD1183A80FB2BE5F6D54E3 /* AgentToolsTests.swift in Sources */,
				7B06747F29BFD784602A65CD /* BotHomeWebSearchTests.swift in Sources */,
				014C3D3BFA99045640EA6CF8 /* CanvasBoardTests.swift in Sources */,
				410D6CCD6F6BB2B03866B78D /* ComposioTests.swift in Sources */,
				D85410EF61B07EBBC6C81D60 /* ComputerRoutineQualityTests.swift in Sources */,
				31C604F87009674137794FC5 /* CronTests.swift in Sources */,
				A51A51D14A4434325F57852D /* GovernanceTests.swift in Sources */,
				E06758F1CD11E18D1E5496C2 /* LocalProvidersTests.swift in Sources */,
				B8D670CD267FCA1B92942DA4 /* McpCatalogPromoteTests.swift in Sources */,
				1BDD175C76D18C304B93A79F /* McpClientTests.swift in Sources */,
				A86F4CC025889FC2B4F69BFD /* ModelProviderProfileTests.swift in Sources */,
				A084036EA9D1A3FE50831272 /* ProductSurfaceTests.swift in Sources */,
				F5BC86FC50D5FD1EA4188973 /* ScriptedRuntimeTests.swift in Sources */,
				56938FEDFB66FBC50BF9F220 /* SecurityTests.swift in Sources */,
				5C6BD280104FE75CFECFEB30 /* SkillsTests.swift in Sources */,
				895F38093E4BB53FC1A991A0 /* SlashCommandTests.swift in Sources */,
				0895BD5E1460BE67397E9FD3 /* StoreTests.swift in Sources */,
				740C1B71C1BE12ACA3E111A2 /* ThemePresetsTests.swift in Sources */,
			);
			runOnlyForDeploymentPostprocessing = 0;
		};
		BCC09DB40948931F6BD681AD /* Sources */ = {
			isa = PBXSourcesBuildPhase;
			buildActionMask = 2147483647;
			files = (
				7CF60431448BE1F4392DC278 /* AppSettingsOverlayView.swift in Sources */,
				40E300E19AADDFA37403A433 /* AuthView.swift in Sources */,
				EC67741901A159D8D707CB5E /* BotAvatarView.swift in Sources */,
				10FC9A63ABD1601ED9AF08DA /* CanvasViews.swift in Sources */,
				6F49041F1F18EB74984F2A9D /* ChatView.swift in Sources */,
				D0F6D007526E6E538FF5439F /* ComputerDesktopView.swift in Sources */,
				CCFE3A5F1F471C899C72C0C0 /* Controls.swift in Sources */,
				19E4F803C82D8ECB96EEA58F /* CrashReporting.swift in Sources */,
				9A19E946E1CB263F0D45155F /* GovernanceSettingsView.swift in Sources */,
				0825B6C8DF176C162168B0CE /* GrizzyBotApp.swift in Sources */,
				39DC507D72B1ACAB2C75D899 /* GrizzyThemePalette.swift in Sources */,
				10C6F1583A6F593B003B67CB /* HostComputerPromptView.swift in Sources */,
				E00627B414708FA9623A3199 /* LoginItem.swift in Sources */,
				4D009FC02989961AAB9F0B82 /* MacAccessibility.swift in Sources */,
				58F02A3C49650816A364DE8B /* MainWindowController.swift in Sources */,
				6FEF6EEED4274EB0912DC251 /* MarkdownText.swift in Sources */,
				BF59AC18191EBCC9DD739712 /* MenuBarView.swift in Sources */,
				BAA83BD3B6F882B9D61D60EA /* MessageViews.swift in Sources */,
				846AF1F6C515AECFB760417D /* ModelConnectView.swift in Sources */,
				83E2E7CFE433835A866E0943 /* OnboardingView.swift in Sources */,
				62C4471C11DEFE6AB97827A3 /* PluginsOverlayView.swift in Sources */,
				40471D76E6030BFEC49DB1AC /* RightPanelView.swift in Sources */,
				00D0E8CE93F22C2184C1C311 /* RootView.swift in Sources */,
				51591A7BEF499927879EB28E /* RoutineScheduleView.swift in Sources */,
				AD768C48CA30733DC6389485 /* RoutinesPageView.swift in Sources */,
				8793B6760E4EE579E96E330E /* SentryScrubber.swift in Sources */,
				B6FE3347DCA50DBAE42A58DF /* ShellView.swift in Sources */,
				D7F6B772596BF6184BEAAFC7 /* SidebarView.swift in Sources */,
				A3DA8AD84F7220ABFE72688A /* SkillsOverlayView.swift in Sources */,
				497108EB35AA26CB04983ABD /* SpeechSupport.swift in Sources */,
				97CC4700DE1377D590B135D2 /* Theme.swift in Sources */,
				F1A2EFAB755820546B44E82B /* ThemeManager.swift in Sources */,
				B29C01FFDC203C0D80A7B01D /* ThemePresets.swift in Sources */,
				4758718DB3D49170FFB57ACD /* ThemesSettingsView.swift in Sources */,
				F1803C0235BB9E89B8F3F096 /* UITestLaunch.swift in Sources */,
				F388D25AA678456E088CDABD /* WelcomeView.swift in Sources */,
				0F48845F0162CEF6CF41517A /* WindowChrome.swift in Sources */,
			);
			runOnlyForDeploymentPostprocessing = 0;
		};
		DB5343033FB32FE9B7C6D079 /* Sources */ = {
			isa = PBXSourcesBuildPhase;
			buildActionMask = 2147483647;
			files = (
				7653A0FB5E882BC9CB7E2F79 /* OverlaySnapshotTests.swift in Sources */,
			);
			runOnlyForDeploymentPostprocessing = 0;
		};
/* End PBXSourcesBuildPhase section */

/* Begin PBXTargetDependency section */
		3057671E309C8079F18A1794 /* PBXTargetDependency */ = {
			isa = PBXTargetDependency;
			target = 4DED67AB21062EA52562E147 /* GrizzyBot */;
			targetProxy = 4C2C412FB0F50BCBFB25E409 /* PBXContainerItemProxy */;
		};
		C92156B5842DE5AC75C2D06E /* PBXTargetDependency */ = {
			isa = PBXTargetDependency;
			target = 21CD727AF02EEE29AF57908C /* GrizzyBotCore */;
			targetProxy = 2DEB6E894CFC38E25AF70CF8 /* PBXContainerItemProxy */;
		};
		C95CCD5B84CAFA1657701D13 /* PBXTargetDependency */ = {
			isa = PBXTargetDependency;
			target = 4DED67AB21062EA52562E147 /* GrizzyBot */;
			targetProxy = 715EA2DFCEA37ADA9272A6CD /* PBXContainerItemProxy */;
		};
		CD6547977E3C40FEAC931A8B /* PBXTargetDependency */ = {
			isa = PBXTargetDependency;
			target = 21CD727AF02EEE29AF57908C /* GrizzyBotCore */;
			targetProxy = 7CC722DE997D88119142185F /* PBXContainerItemProxy */;
		};
		F1804F2675A4AA4ABB62807B /* PBXTargetDependency */ = {
			isa = PBXTargetDependency;
			target = BF618300DCC9F1F73B62F7DD /* GrizzyBotRoutineAgent */;
			targetProxy = B82A27D81311E4A2A4FF0147 /* PBXContainerItemProxy */;
		};
		FA3FE516693094E5BEE2D403 /* PBXTargetDependency */ = {
			isa = PBXTargetDependency;
			target = 21CD727AF02EEE29AF57908C /* GrizzyBotCore */;
			targetProxy = 55A3A570432C7CB3CDB42BA3 /* PBXContainerItemProxy */;
		};
/* End PBXTargetDependency section */

/* Begin XCBuildConfiguration section */
		1D6432C4E17B50A0B8150C08 /* Debug */ = {
			isa = XCBuildConfiguration;
			buildSettings = {
				BUNDLE_LOADER = "$(TEST_HOST)";
				CODE_SIGN_IDENTITY = "-";
				CODE_SIGN_STYLE = Automatic;
				COMBINE_HIDPI_IMAGES = YES;
				GENERATE_INFOPLIST_FILE = YES;
				LD_RUNPATH_SEARCH_PATHS = (
					"$(inherited)",
					"@executable_path/../Frameworks",
					"@loader_path/../Frameworks",
				);
				MACOSX_DEPLOYMENT_TARGET = 15.0;
				PRODUCT_BUNDLE_IDENTIFIER = com.grizzybot.app.tests;
				SDKROOT = macosx;
				SWIFT_STRICT_CONCURRENCY = complete;
				TEST_HOST = "$(BUILT_PRODUCTS_DIR)/GrizzyBot.app/Contents/MacOS/GrizzyBot";
			};
			name = Debug;
		};
		24C2C65D13879A214D0587AA /* Debug */ = {
			isa = XCBuildConfiguration;
			buildSettings = {
				CODE_SIGN_IDENTITY = "-";
				CODE_SIGN_STYLE = Automatic;
				COMBINE_HIDPI_IMAGES = YES;
				DEFINES_MODULE = YES;
				ENABLE_MODULE_VERIFIER = YES;
				GENERATE_INFOPLIST_FILE = YES;
				LD_RUNPATH_SEARCH_PATHS = (
					"$(inherited)",
					"@executable_path/../Frameworks",
				);
				MODULE_VERIFIER_SUPPORTED_LANGUAGES = "objective-c objective-c++";
				MODULE_VERIFIER_SUPPORTED_LANGUAGE_STANDARDS = "gnu11 gnu++14";
				PRODUCT_BUNDLE_IDENTIFIER = com.grizzybot.core;
				PRODUCT_NAME = GrizzyBotCore;
				SDKROOT = macosx;
				SKIP_INSTALL = YES;
				SWIFT_INSTALL_OBJC_HEADER = NO;
				SWIFT_STRICT_CONCURRENCY = complete;
			};
			name = Debug;
		};
		3A6DAC02F6008942A34D573A /* Release */ = {
			isa = XCBuildConfiguration;
			buildSettings = {
				BUNDLE_LOADER = "$(TEST_HOST)";
				CODE_SIGN_IDENTITY = "-";
				CODE_SIGN_STYLE = Automatic;
				COMBINE_HIDPI_IMAGES = YES;
				GENERATE_INFOPLIST_FILE = YES;
				LD_RUNPATH_SEARCH_PATHS = (
					"$(inherited)",
					"@executable_path/Frameworks",
					"@loader_path/Frameworks",
				);
				MACOSX_DEPLOYMENT_TARGET = 15.0;
				PRODUCT_BUNDLE_IDENTIFIER = com.grizzybot.app.uitests;
				SDKROOT = macosx;
				TEST_TARGET_NAME = GrizzyBot;
			};
			name = Release;
		};
		58CA07AF20CE4DEC7384C5CB /* Debug */ = {
			isa = XCBuildConfiguration;
			buildSettings = {
				BUNDLE_LOADER = "$(TEST_HOST)";
				CODE_SIGN_IDENTITY = "-";
				CODE_SIGN_STYLE = Automatic;
				COMBINE_HIDPI_IMAGES = YES;
				GENERATE_INFOPLIST_FILE = YES;
				LD_RUNPATH_SEARCH_PATHS = (
					"$(inherited)",
					"@executable_path/Frameworks",
					"@loader_path/Frameworks",
				);
				MACOSX_DEPLOYMENT_TARGET = 15.0;
				PRODUCT_BUNDLE_IDENTIFIER = com.grizzybot.app.uitests;
				SDKROOT = macosx;
				TEST_TARGET_NAME = GrizzyBot;
			};
			name = Debug;
		};
		6E783DC12F72DF33169786A4 /* Release */ = {
			isa = XCBuildConfiguration;
			baseConfigurationReference = B52990D4F2C40525BBC85828 /* Release.xcconfig */;
			buildSettings = {
				ASSETCATALOG_COMPILER_APPICON_NAME = AppIcon;
				CODE_SIGN_ENTITLEMENTS = "$(GRIZZYBOT_CODE_SIGN_ENTITLEMENTS)";
				CODE_SIGN_IDENTITY = "$(GRIZZYBOT_CODE_SIGN_IDENTITY)";
				CODE_SIGN_STYLE = "$(GRIZZYBOT_CODE_SIGN_STYLE)";
				COMBINE_HIDPI_IMAGES = YES;
				DEVELOPMENT_TEAM = "$(GRIZZYBOT_DEVELOPMENT_TEAM)";
				ENABLE_HARDENED_RUNTIME = "$(GRIZZYBOT_ENABLE_HARDENED_RUNTIME)";
				EXECUTABLE_NAME = GrizzyBot;
				GENERATE_INFOPLIST_FILE = NO;
				INFOPLIST_FILE = Sources/GrizzyBot/Info.plist;
				LD_RUNPATH_SEARCH_PATHS = (
					"$(inherited)",
					"@executable_path/../Frameworks",
				);
				OTHER_CODE_SIGN_FLAGS = "$(GRIZZYBOT_OTHER_CODE_SIGN_FLAGS)";
				OTHER_LDFLAGS = (
					"$(inherited)",
					"-ObjC",
				);
				PRODUCT_BUNDLE_IDENTIFIER = com.grizzybot.app;
				PRODUCT_NAME = GrizzyBot;
				SDKROOT = macosx;
				SKIP_INSTALL = NO;
				SWIFT_STRICT_CONCURRENCY = complete;
			};
			name = Release;
		};
		6EA20E77998A8E39BD827DC5 /* Release */ = {
			isa = XCBuildConfiguration;
			buildSettings = {
				CODE_SIGN_IDENTITY = "-";
				CODE_SIGN_STYLE = Automatic;
				COMBINE_HIDPI_IMAGES = YES;
				DEFINES_MODULE = YES;
				ENABLE_MODULE_VERIFIER = YES;
				GENERATE_INFOPLIST_FILE = YES;
				LD_RUNPATH_SEARCH_PATHS = (
					"$(inherited)",
					"@executable_path/../Frameworks",
				);
				MODULE_VERIFIER_SUPPORTED_LANGUAGES = "objective-c objective-c++";
				MODULE_VERIFIER_SUPPORTED_LANGUAGE_STANDARDS = "gnu11 gnu++14";
				PRODUCT_BUNDLE_IDENTIFIER = com.grizzybot.core;
				PRODUCT_NAME = GrizzyBotCore;
				SDKROOT = macosx;
				SKIP_INSTALL = YES;
				SWIFT_INSTALL_OBJC_HEADER = NO;
				SWIFT_STRICT_CONCURRENCY = complete;
			};
			name = Release;
		};
		7CD4BFFD2E8ABE8FAEDEAF2C /* Release */ = {
			isa = XCBuildConfiguration;
			buildSettings = {
				CODE_SIGN_IDENTITY = "-";
				CODE_SIGN_STYLE = Automatic;
				COMBINE_HIDPI_IMAGES = YES;
				LD_RUNPATH_SEARCH_PATHS = (
					"$(inherited)",
					"@executable_path/../Frameworks",
				);
				OTHER_LDFLAGS = (
					"$(inherited)",
					"-ObjC",
				);
				PRODUCT_BUNDLE_IDENTIFIER = "com.grizzybot.routine-agent";
				PRODUCT_NAME = GrizzyBotRoutineAgent;
				SDKROOT = macosx;
				SKIP_INSTALL = YES;
				SWIFT_STRICT_CONCURRENCY = complete;
			};
			name = Release;
		};
		8C4B421B9D8CD551CB8205E8 /* Release */ = {
			isa = XCBuildConfiguration;
			buildSettings = {
				ALWAYS_SEARCH_USER_PATHS = NO;
				ASSETCATALOG_COMPILER_GENERATE_SWIFT_ASSET_SYMBOL_EXTENSIONS = YES;
				CLANG_ANALYZER_LOCALIZABILITY_NONLOCALIZED = YES;
				CLANG_ANALYZER_NONNULL = YES;
				CLANG_ANALYZER_NUMBER_OBJECT_CONVERSION = YES_AGGRESSIVE;
				CLANG_CXX_LANGUAGE_STANDARD = "gnu++14";
				CLANG_CXX_LIBRARY = "libc++";
				CLANG_ENABLE_MODULES = YES;
				CLANG_ENABLE_OBJC_ARC = YES;
				CLANG_ENABLE_OBJC_WEAK = YES;
				CLANG_WARN_BLOCK_CAPTURE_AUTORELEASING = YES;
				CLANG_WARN_BOOL_CONVERSION = YES;
				CLANG_WARN_COMMA = YES;
				CLANG_WARN_CONSTANT_CONVERSION = YES;
				CLANG_WARN_DEPRECATED_OBJC_IMPLEMENTATIONS = YES;
				CLANG_WARN_DIRECT_OBJC_ISA_USAGE = YES_ERROR;
				CLANG_WARN_DOCUMENTATION_COMMENTS = YES;
				CLANG_WARN_EMPTY_BODY = YES;
				CLANG_WARN_ENUM_CONVERSION = YES;
				CLANG_WARN_INFINITE_RECURSION = YES;
				CLANG_WARN_INT_CONVERSION = YES;
				CLANG_WARN_NON_LITERAL_NULL_CONVERSION = YES;
				CLANG_WARN_OBJC_IMPLICIT_RETAIN_SELF = YES;
				CLANG_WARN_OBJC_LITERAL_CONVERSION = YES;
				CLANG_WARN_OBJC_ROOT_CLASS = YES_ERROR;
				CLANG_WARN_QUOTED_INCLUDE_IN_FRAMEWORK_HEADER = YES;
				CLANG_WARN_RANGE_LOOP_ANALYSIS = YES;
				CLANG_WARN_STRICT_PROTOTYPES = YES;
				CLANG_WARN_SUSPICIOUS_MOVE = YES;
				CLANG_WARN_UNGUARDED_AVAILABILITY = YES_AGGRESSIVE;
				CLANG_WARN_UNREACHABLE_CODE = YES;
				CLANG_WARN__DUPLICATE_METHOD_MATCH = YES;
				COPY_PHASE_STRIP = NO;
				CURRENT_PROJECT_VERSION = 2;
				DEAD_CODE_STRIPPING = YES;
				DEBUG_INFORMATION_FORMAT = "dwarf-with-dsym";
				ENABLE_NS_ASSERTIONS = NO;
				ENABLE_STRICT_OBJC_MSGSEND = YES;
				ENABLE_TESTABILITY = YES;
				ENABLE_USER_SCRIPT_SANDBOXING = YES;
				GCC_C_LANGUAGE_STANDARD = gnu11;
				GCC_NO_COMMON_BLOCKS = YES;
				GCC_WARN_64_TO_32_BIT_CONVERSION = YES;
				GCC_WARN_ABOUT_RETURN_TYPE = YES_ERROR;
				GCC_WARN_UNDECLARED_SELECTOR = YES;
				GCC_WARN_UNINITIALIZED_AUTOS = YES_AGGRESSIVE;
				GCC_WARN_UNUSED_FUNCTION = YES;
				GCC_WARN_UNUSED_VARIABLE = YES;
				LOCALIZATION_PREFERS_STRING_CATALOGS = YES;
				MACOSX_DEPLOYMENT_TARGET = 15.0;
				MARKETING_VERSION = 1.1;
				MTL_ENABLE_DEBUG_INFO = NO;
				MTL_FAST_MATH = YES;
				PRODUCT_NAME = "$(TARGET_NAME)";
				SDKROOT = macosx;
				STRING_CATALOG_GENERATE_SYMBOLS = YES;
				SWIFT_COMPILATION_MODE = wholemodule;
				SWIFT_EMIT_LOC_STRINGS = YES;
				SWIFT_OPTIMIZATION_LEVEL = "-O";
				SWIFT_VERSION = 6.0;
			};
			name = Release;
		};
		AE0D5267A1001E7779390E36 /* Debug */ = {
			isa = XCBuildConfiguration;
			buildSettings = {
				ALWAYS_SEARCH_USER_PATHS = NO;
				ASSETCATALOG_COMPILER_GENERATE_SWIFT_ASSET_SYMBOL_EXTENSIONS = YES;
				CLANG_ANALYZER_LOCALIZABILITY_NONLOCALIZED = YES;
				CLANG_ANALYZER_NONNULL = YES;
				CLANG_ANALYZER_NUMBER_OBJECT_CONVERSION = YES_AGGRESSIVE;
				CLANG_CXX_LANGUAGE_STANDARD = "gnu++14";
				CLANG_CXX_LIBRARY = "libc++";
				CLANG_ENABLE_MODULES = YES;
				CLANG_ENABLE_OBJC_ARC = YES;
				CLANG_ENABLE_OBJC_WEAK = YES;
				CLANG_WARN_BLOCK_CAPTURE_AUTORELEASING = YES;
				CLANG_WARN_BOOL_CONVERSION = YES;
				CLANG_WARN_COMMA = YES;
				CLANG_WARN_CONSTANT_CONVERSION = YES;
				CLANG_WARN_DEPRECATED_OBJC_IMPLEMENTATIONS = YES;
				CLANG_WARN_DIRECT_OBJC_ISA_USAGE = YES_ERROR;
				CLANG_WARN_DOCUMENTATION_COMMENTS = YES;
				CLANG_WARN_EMPTY_BODY = YES;
				CLANG_WARN_ENUM_CONVERSION = YES;
				CLANG_WARN_INFINITE_RECURSION = YES;
				CLANG_WARN_INT_CONVERSION = YES;
				CLANG_WARN_NON_LITERAL_NULL_CONVERSION = YES;
				CLANG_WARN_OBJC_IMPLICIT_RETAIN_SELF = YES;
				CLANG_WARN_OBJC_LITERAL_CONVERSION = YES;
				CLANG_WARN_OBJC_ROOT_CLASS = YES_ERROR;
				CLANG_WARN_QUOTED_INCLUDE_IN_FRAMEWORK_HEADER = YES;
				CLANG_WARN_RANGE_LOOP_ANALYSIS = YES;
				CLANG_WARN_STRICT_PROTOTYPES = YES;
				CLANG_WARN_SUSPICIOUS_MOVE = YES;
				CLANG_WARN_UNGUARDED_AVAILABILITY = YES_AGGRESSIVE;
				CLANG_WARN_UNREACHABLE_CODE = YES;
				CLANG_WARN__DUPLICATE_METHOD_MATCH = YES;
				COPY_PHASE_STRIP = NO;
				CURRENT_PROJECT_VERSION = 2;
				DEBUG_INFORMATION_FORMAT = dwarf;
				ENABLE_STRICT_OBJC_MSGSEND = YES;
				ENABLE_TESTABILITY = YES;
				ENABLE_USER_SCRIPT_SANDBOXING = YES;
				GCC_C_LANGUAGE_STANDARD = gnu11;
				GCC_DYNAMIC_NO_PIC = NO;
				GCC_NO_COMMON_BLOCKS = YES;
				GCC_OPTIMIZATION_LEVEL = 0;
				GCC_PREPROCESSOR_DEFINITIONS = (
					"$(inherited)",
					"DEBUG=1",
				);
				GCC_WARN_64_TO_32_BIT_CONVERSION = YES;
				GCC_WARN_ABOUT_RETURN_TYPE = YES_ERROR;
				GCC_WARN_UNDECLARED_SELECTOR = YES;
				GCC_WARN_UNINITIALIZED_AUTOS = YES_AGGRESSIVE;
				GCC_WARN_UNUSED_FUNCTION = YES;
				GCC_WARN_UNUSED_VARIABLE = YES;
				LOCALIZATION_PREFERS_STRING_CATALOGS = YES;
				MACOSX_DEPLOYMENT_TARGET = 15.0;
				MARKETING_VERSION = 1.1;
				MTL_ENABLE_DEBUG_INFO = INCLUDE_SOURCE;
				MTL_FAST_MATH = YES;
				ONLY_ACTIVE_ARCH = YES;
				PRODUCT_NAME = "$(TARGET_NAME)";
				SDKROOT = macosx;
				STRING_CATALOG_GENERATE_SYMBOLS = YES;
				SWIFT_ACTIVE_COMPILATION_CONDITIONS = DEBUG;
				SWIFT_EMIT_LOC_STRINGS = YES;
				SWIFT_OPTIMIZATION_LEVEL = "-Onone";
				SWIFT_VERSION = 6.0;
			};
			name = Debug;
		};
		D314CED4C4BB6BCA73922D5A /* Release */ = {
			isa = XCBuildConfiguration;
			buildSettings = {
				BUNDLE_LOADER = "";
				CODE_SIGN_IDENTITY = "-";
				CODE_SIGN_STYLE = Automatic;
				COMBINE_HIDPI_IMAGES = YES;
				GENERATE_INFOPLIST_FILE = YES;
				LD_RUNPATH_SEARCH_PATHS = (
					"$(inherited)",
					"@executable_path/../Frameworks",
					"@loader_path/../Frameworks",
				);
				OTHER_LDFLAGS = (
					"$(inherited)",
					"-ObjC",
				);
				PRODUCT_BUNDLE_IDENTIFIER = com.grizzybot.core.tests;
				SDKROOT = macosx;
				SWIFT_STRICT_CONCURRENCY = complete;
				TEST_HOST = "";
			};
			name = Release;
		};
		DEDD769971A1EFB25DF0D0E8 /* Debug */ = {
			isa = XCBuildConfiguration;
			buildSettings = {
				CODE_SIGN_IDENTITY = "-";
				CODE_SIGN_STYLE = Automatic;
				COMBINE_HIDPI_IMAGES = YES;
				LD_RUNPATH_SEARCH_PATHS = (
					"$(inherited)",
					"@executable_path/../Frameworks",
				);
				OTHER_LDFLAGS = (
					"$(inherited)",
					"-ObjC",
				);
				PRODUCT_BUNDLE_IDENTIFIER = "com.grizzybot.routine-agent";
				PRODUCT_NAME = GrizzyBotRoutineAgent;
				SDKROOT = macosx;
				SKIP_INSTALL = YES;
				SWIFT_STRICT_CONCURRENCY = complete;
			};
			name = Debug;
		};
		F289E38B0EF90A2CAD566334 /* Debug */ = {
			isa = XCBuildConfiguration;
			baseConfigurationReference = F49EFDC3FDC62028E85C4138 /* Debug.xcconfig */;
			buildSettings = {
				ASSETCATALOG_COMPILER_APPICON_NAME = AppIcon;
				CODE_SIGN_ENTITLEMENTS = Sources/GrizzyBot/GrizzyBot.entitlements;
				CODE_SIGN_IDENTITY = "-";
				CODE_SIGN_STYLE = Automatic;
				COMBINE_HIDPI_IMAGES = YES;
				ENABLE_HARDENED_RUNTIME = YES;
				EXECUTABLE_NAME = GrizzyBot;
				GENERATE_INFOPLIST_FILE = NO;
				INFOPLIST_FILE = Sources/GrizzyBot/Info.plist;
				LD_RUNPATH_SEARCH_PATHS = (
					"$(inherited)",
					"@executable_path/../Frameworks",
				);
				OTHER_CODE_SIGN_FLAGS = "--timestamp=none";
				OTHER_LDFLAGS = (
					"$(inherited)",
					"-ObjC",
				);
				PRODUCT_BUNDLE_IDENTIFIER = com.grizzybot.app;
				PRODUCT_NAME = GrizzyBot;
				SDKROOT = macosx;
				SKIP_INSTALL = NO;
				SWIFT_STRICT_CONCURRENCY = complete;
			};
			name = Debug;
		};
		FF2CEBAC29A06E238D84E8AD /* Debug */ = {
			isa = XCBuildConfiguration;
			buildSettings = {
				BUNDLE_LOADER = "";
				CODE_SIGN_IDENTITY = "-";
				CODE_SIGN_STYLE = Automatic;
				COMBINE_HIDPI_IMAGES = YES;
				GENERATE_INFOPLIST_FILE = YES;
				LD_RUNPATH_SEARCH_PATHS = (
					"$(inherited)",
					"@executable_path/../Frameworks",
					"@loader_path/../Frameworks",
				);
				OTHER_LDFLAGS = (
					"$(inherited)",
					"-ObjC",
				);
				PRODUCT_BUNDLE_IDENTIFIER = com.grizzybot.core.tests;
				SDKROOT = macosx;
				SWIFT_STRICT_CONCURRENCY = complete;
				TEST_HOST = "";
			};
			name = Debug;
		};
		FF5D146691323D169022134B /* Release */ = {
			isa = XCBuildConfiguration;
			buildSettings = {
				BUNDLE_LOADER = "$(TEST_HOST)";
				CODE_SIGN_IDENTITY = "-";
				CODE_SIGN_STYLE = Automatic;
				COMBINE_HIDPI_IMAGES = YES;
				GENERATE_INFOPLIST_FILE = YES;
				LD_RUNPATH_SEARCH_PATHS = (
					"$(inherited)",
					"@executable_path/../Frameworks",
					"@loader_path/../Frameworks",
				);
				MACOSX_DEPLOYMENT_TARGET = 15.0;
				PRODUCT_BUNDLE_IDENTIFIER = com.grizzybot.app.tests;
				SDKROOT = macosx;
				SWIFT_STRICT_CONCURRENCY = complete;
				TEST_HOST = "$(BUILT_PRODUCTS_DIR)/GrizzyBot.app/Contents/MacOS/GrizzyBot";
			};
			name = Release;
		};
/* End XCBuildConfiguration section */

/* Begin XCConfigurationList section */
		10A85EC0B8A33339379E1A65 /* Build configuration list for PBXProject "GrizzyBot" */ = {
			isa = XCConfigurationList;
			buildConfigurations = (
				AE0D5267A1001E7779390E36 /* Debug */,
				8C4B421B9D8CD551CB8205E8 /* Release */,
			);
			defaultConfigurationIsVisible = 0;
			defaultConfigurationName = Debug;
		};
		16916894C2641947345460CD /* Build configuration list for PBXNativeTarget "GrizzyBotRoutineAgent" */ = {
			isa = XCConfigurationList;
			buildConfigurations = (
				DEDD769971A1EFB25DF0D0E8 /* Debug */,
				7CD4BFFD2E8ABE8FAEDEAF2C /* Release */,
			);
			defaultConfigurationIsVisible = 0;
			defaultConfigurationName = Debug;
		};
		310C4D09AF8718C2B1DF9A9D /* Build configuration list for PBXNativeTarget "GrizzyBotCoreTests" */ = {
			isa = XCConfigurationList;
			buildConfigurations = (
				FF2CEBAC29A06E238D84E8AD /* Debug */,
				D314CED4C4BB6BCA73922D5A /* Release */,
			);
			defaultConfigurationIsVisible = 0;
			defaultConfigurationName = Debug;
		};
		A94D47C7C9585A9961B21212 /* Build configuration list for PBXNativeTarget "GrizzyBotCore" */ = {
			isa = XCConfigurationList;
			buildConfigurations = (
				24C2C65D13879A214D0587AA /* Debug */,
				6EA20E77998A8E39BD827DC5 /* Release */,
			);
			defaultConfigurationIsVisible = 0;
			defaultConfigurationName = Debug;
		};
		AE57267C1D75C4945D28A8A1 /* Build configuration list for PBXNativeTarget "GrizzyBotUITests" */ = {
			isa = XCConfigurationList;
			buildConfigurations = (
				58CA07AF20CE4DEC7384C5CB /* Debug */,
				3A6DAC02F6008942A34D573A /* Release */,
			);
			defaultConfigurationIsVisible = 0;
			defaultConfigurationName = Debug;
		};
		D601B4AE10F091E191AB41ED /* Build configuration list for PBXNativeTarget "GrizzyBotAppTests" */ = {
			isa = XCConfigurationList;
			buildConfigurations = (
				1D6432C4E17B50A0B8150C08 /* Debug */,
				FF5D146691323D169022134B /* Release */,
			);
			defaultConfigurationIsVisible = 0;
			defaultConfigurationName = Debug;
		};
		F39207201F2200D77074F681 /* Build configuration list for PBXNativeTarget "GrizzyBot" */ = {
			isa = XCConfigurationList;
			buildConfigurations = (
				F289E38B0EF90A2CAD566334 /* Debug */,
				6E783DC12F72DF33169786A4 /* Release */,
			);
			defaultConfigurationIsVisible = 0;
			defaultConfigurationName = Debug;
		};
/* End XCConfigurationList section */

/* Begin XCRemoteSwiftPackageReference section */
		E5601A13BF5F34217A27F197 /* XCRemoteSwiftPackageReference "sentry-cocoa" */ = {
			isa = XCRemoteSwiftPackageReference;
			repositoryURL = "https://github.com/getsentry/sentry-cocoa";
			requirement = {
				kind = upToNextMajorVersion;
				minimumVersion = 9.24.0;
			};
		};
/* End XCRemoteSwiftPackageReference section */

/* Begin XCSwiftPackageProductDependency section */
		A8C39A00FDBD11E12B8B3518 /* Sentry */ = {
			isa = XCSwiftPackageProductDependency;
			package = E5601A13BF5F34217A27F197 /* XCRemoteSwiftPackageReference "sentry-cocoa" */;
			productName = Sentry;
		};
/* End XCSwiftPackageProductDependency section */
	};
	rootObject = 4AB0D8B019E7C200A2E73B88 /* Project object */;
}
